// !$*UTF8*$!
{
	archiveVersion = 1;
	classes = {
	};
	objectVersion = 46;
	objects = {

/* Begin PBXBuildFile section */
		DE26E7301BE2E8A800531C9F /* main.m in Sources */ = {isa = PBXBuildFile; fileRef = DE26E72F1BE2E8A800531C9F /* main.m */; };
		DE26E7331BE2E8A800531C9F /* AppDelegate.m in Sources */ = {isa = PBXBuildFile; fileRef = DE26E7321BE2E8A800531C9F /* AppDelegate.m */; };
		DE26E7361BE2E8A800531C9F /* ViewController.m in Sources */ = {isa = PBXBuildFile; fileRef = DE26E7351BE2E8A800531C9F /* ViewController.m */; };
		DE26E7391BE2E8A800531C9F /* Main.storyboard in Resources */ = {isa = PBXBuildFile; fileRef = DE26E7371BE2E8A800531C9F /* Main.storyboard */; };
		DE26E73B1BE2E8A800531C9F /* Assets.xcassets in Resources */ = {isa = PBXBuildFile; fileRef = DE26E73A1BE2E8A800531C9F /* Assets.xcassets */; };
		DE26E73E1BE2E8A800531C9F /* LaunchScreen.storyboard in Resources */ = {isa = PBXBuildFile; fileRef = DE26E73C1BE2E8A800531C9F /* LaunchScreen.storyboard */; };
		DE26E74A1BE2EBAD00531C9F /* MessageUI.framework in Frameworks */ = {isa = PBXBuildFile; fileRef = DE26E7491BE2EBAD00531C9F /* MessageUI.framework */; };
		DE26E74C1BE2EE5E00531C9F /* StarWars.jpg in Resources */ = {isa = PBXBuildFile; fileRef = DE26E74B1BE2EE5E00531C9F /* StarWars.jpg */; };
/* End PBXBuildFile section */

/* Begin PBXFileReference section */
		DE26E72B1BE2E8A800531C9F /* sendSMS.app */ = {isa = PBXFileReference; explicitFileType = wrapper.application; includeInIndex = 0; path = sendSMS.app; sourceTree = BUILT_PRODUCTS_DIR; };
		DE26E72F1BE2E8A800531C9F /* main.m */ = {isa = PBXFileReference; lastKnownFileType = sourcecode.c.objc; path = main.m; sourceTree = "<group>"; };
		DE26E7311BE2E8A800531C9F /* AppDelegate.h */ = {isa = PBXFileReference; lastKnownFileType = sourcecode.c.h; path = AppDelegate.h; sourceTree = "<group>"; };
		DE26E7321BE2E8A800531C9F /* AppDelegate.m */ = {isa = PBXFileReference; lastKnownFileType = sourcecode.c.objc; path = AppDelegate.m; sourceTree = "<group>"; };
		DE26E7341BE2E8A800531C9F /* ViewController.h */ = {isa = PBXFileReference; lastKnownFileType = sourcecode.c.h; path = ViewController.h; sourceTree = "<group>"; };
		DE26E7351BE2E8A800531C9F /* ViewController.m */ = {isa = PBXFileReference; lastKnownFileType = sourcecode.c.objc; path = ViewController.m; sourceTree = "<group>"; };
		DE26E7381BE2E8A800531C9F /* Base */ = {isa = PBXFileReference; lastKnownFileType = file.storyboard; name = Base; path = Base.lproj/Main.storyboard; sourceTree = "<group>"; };
		DE26E73A1BE2E8A800531C9F /* Assets.xcassets */ = {isa = PBXFileReference; lastKnownFileType = folder.assetcatalog; path = Assets.xcassets; sourceTree = "<group>"; };
		DE26E73D1BE2E8A800531C9F /* Base */ = {isa = PBXFileReference; lastKnownFileType = file.storyboard; name = Base; path = Base.lproj/LaunchScreen.storyboard; sourceTree = "<group>"; };
		DE26E73F1BE2E8A800531C9F /* Info.plist */ = {isa = PBXFileReference; lastKnownFileType = text.plist.xml; path = Info.plist; sourceTree = "<group>"; };
		DE26E7491BE2EBAD00531C9F /* MessageUI.framework */ = {isa = PBXFileReference; lastKnownFileType = wrapper.framework; name = MessageUI.framework; path = System/Library/Frameworks/MessageUI.framework; sourceTree = SDKROOT; };
		DE26E74B1BE2EE5E00531C9F /* StarWars.jpg */ = {isa = PBXFileReference; lastKnownFileType = image.jpeg; path = StarWars.jpg; sourceTree = "<group>"; };
/* End PBXFileReference section */

/* Begin PBXFrameworksBuildPhase section */
		DE26E7281BE2E8A800531C9F /* Frameworks */ = {
			isa = PBXFrameworksBuildPhase;
			buildActionMask = 2147483647;
			files = (
				DE26E74A1BE2EBAD00531C9F /* MessageUI.framework in Frameworks */,
			);
			runOnlyForDeploymentPostprocessing = 0;
		};
/* End PBXFrameworksBuildPhase section */

/* Begin PBXGroup section */
		DE26E7221BE2E8A800531C9F = {
			isa = PBXGroup;
			children = (
				DE26E7491BE2EBAD00531C9F /* MessageUI.framework */,
				DE26E72D1BE2E8A800531C9F /* sendSMS */,
				DE26E72C1BE2E8A800531C9F /* Products */,
			);
			sourceTree = "<group>";
		};
		DE26E72C1BE2E8A800531C9F /* Products */ = {
			isa = PBXGroup;
			children = (
				DE26E72B1BE2E8A800531C9F /* sendSMS.app */,
			);
			name = Products;
			sourceTree = "<group>";
		};
		DE26E72D1BE2E8A800531C9F /* sendSMS */ = {
			isa = PBXGroup;
			children = (
				DE26E7481BE2EB7B00531C9F /* images */,
				DE26E7471BE2E8E000531C9F /* Controller */,
				DE26E7461BE2E8DA00531C9F /* Views */,
				DE26E7451BE2E8CF00531C9F /* Application */,
				DE26E73A1BE2E8A800531C9F /* Assets.xcassets */,
				DE26E73F1BE2E8A800531C9F /* Info.plist */,
				DE26E72E1BE2E8A800531C9F /* Supporting Files */,
			);
			path = sendSMS;
			sourceTree = "<group>";
		};
		DE26E72E1BE2E8A800531C9F /* Supporting Files */ = {
			isa = PBXGroup;
			children = (
				DE26E72F1BE2E8A800531C9F /* main.m */,
			);
			name = "Supporting Files";
			sourceTree = "<group>";
		};
		DE26E7451BE2E8CF00531C9F /* Application */ = {
			isa = PBXGroup;
			children = (
				DE26E7311BE2E8A800531C9F /* AppDelegate.h */,
				DE26E7321BE2E8A800531C9F /* AppDelegate.m */,
			);
			name = Application;
			sourceTree = "<group>";
		};
		DE26E7461BE2E8DA00531C9F /* Views */ = {
			isa = PBXGroup;
			children = (
				DE26E7371BE2E8A800531C9F /* Main.storyboard */,
				DE26E73C1BE2E8A800531C9F /* LaunchScreen.storyboard */,
			);
			name = Views;
			sourceTree = "<group>";
		};
		DE26E7471BE2E8E000531C9F /* Controller */ = {
			isa = PBXGroup;
			children = (
				DE26E7341BE2E8A800531C9F /* ViewController.h */,
				DE26E7351BE2E8A800531C9F /* ViewController.m */,
			);
			name = Controller;
			sourceTree = "<group>";
		};
		DE26E7481BE2EB7B00531C9F /* images */ = {
			isa = PBXGroup;
			children = (
				DE26E74B1BE2EE5E00531C9F /* StarWars.jpg */,
			);
			name = images;
			sourceTree = "<group>";
		};
/* End PBXGroup section */

/* Begin PBXNativeTarget section */
		DE26E72A1BE2E8A800531C9F /* sendSMS */ = {
			isa = PBXNativeTarget;
			buildConfigurationList = DE26E7421BE2E8A800531C9F /* Build configuration list for PBXNativeTarget "sendSMS" */;
			buildPhases = (
				DE26E7271BE2E8A800531C9F /* Sources */,
				DE26E7281BE2E8A800531C9F /* Frameworks */,
				DE26E7291BE2E8A800531C9F /* Resources */,
			);
			buildRules = (
			);
			dependencies = (
			);
			name = sendSMS;
			productName = sendSMS;
			productReference = DE26E72B1BE2E8A800531C9F /* sendSMS.app */;
			productType = "com.apple.product-type.application";
		};
/* End PBXNativeTarget section */

/* Begin PBXProject section */
		DE26E7231BE2E8A800531C9F /* Project object */ = {
			isa = PBXProject;
			attributes = {
				LastUpgradeCheck = 0710;
				ORGANIZATIONNAME = DevBros;
				TargetAttributes = {
					DE26E72A1BE2E8A800531C9F = {
						CreatedOnToolsVersion = 7.1;
					};
				};
			};
			buildConfigurationList = DE26E7261BE2E8A800531C9F /* Build configuration list for PBXProject "sendSMS" */;
			compatibilityVersion = "Xcode 3.2";
			developmentRegion = English;
			hasScannedForEncodings = 0;
			knownRegions = (
				en,
				Base,
			);
			mainGroup = DE26E7221BE2E8A800531C9F;
			productRefGroup = DE26E72C1BE2E8A800531C9F /* Products */;
			projectDirPath = "";
			projectRoot = "";
			targets = (
				DE26E72A1BE2E8A800531C9F /* sendSMS */,
			);
		};
/* End PBXProject section */

/* Begin PBXResourcesBuildPhase section */
		DE26E7291BE2E8A800531C9F /* Resources */ = {
			isa = PBXResourcesBuildPhase;
			buildActionMask = 2147483647;
			files = (
				DE26E73E1BE2E8A800531C9F /* LaunchScreen.storyboard in Resources */,
				DE26E73B1BE2E8A800531C9F /* Assets.xcassets in Resources */,
				DE26E74C1BE2EE5E00531C9F /* StarWars.jpg in Resources */,
				DE26E7391BE2E8A800531C9F /* Main.storyboard in Resources */,
			);
			runOnlyForDeploymentPostprocessing = 0;
		};
/* End PBXResourcesBuildPhase section */

/* Begin PBXSourcesBuildPhase section */
		DE26E7271BE2E8A800531C9F /* Sources */ = {
			isa = PBXSourcesBuildPhase;
			buildActionMask = 2147483647;
			files = (
				DE26E7361BE2E8A800531C9F /* ViewController.m in Sources */,
				DE26E7331BE2E8A800531C9F /* AppDelegate.m in Sources */,
				DE26E7301BE2E8A800531C9F /* main.m in Sources */,
			);
			runOnlyForDeploymentPostprocessing = 0;
		};
/* End PBXSourcesBuildPhase section */

/* Begin PBXVariantGroup section */
		DE26E7371BE2E8A800531C9F /* Main.storyboard */ = {
			isa = PBXVariantGroup;
			children = (
				DE26E7381BE2E8A800531C9F /* Base */,
			);
			name = Main.storyboard;
			sourceTree = "<group>";
		};
		DE26E73C1BE2E8A800531C9F /* LaunchScreen.storyboard */ = {
			isa = PBXVariantGroup;
			children = (
				DE26E73D1BE2E8A800531C9F /* Base */,
			);
			name = LaunchScreen.storyboard;
			sourceTree = "<group>";
		};
/* End PBXVariantGroup section */

/* Begin XCBuildConfiguration section */
		DE26E7401BE2E8A800531C9F /* Debug */ = {
			isa = XCBuildConfiguration;
			buildSettings = {
				ALWAYS_SEARCH_USER_PATHS = NO;
				CLANG_CXX_LANGUAGE_STANDARD = "gnu++0x";
				CLANG_CXX_LIBRARY = "libc++";
				CLANG_ENABLE_MODULES = YES;
				CLANG_ENABLE_OBJC_ARC = YES;
				CLANG_WARN_BOOL_CONVERSION = YES;
				CLANG_WARN_CONSTANT_CONVERSION = YES;
				CLANG_WARN_DIRECT_OBJC_ISA_USAGE = YES_ERROR;
				CLANG_WARN_EMPTY_BODY = YES;
				CLANG_WARN_ENUM_CONVERSION = YES;
				CLANG_WARN_INT_CONVERSION = YES;
				CLANG_WARN_OBJC_ROOT_CLASS = YES_ERROR;
				CLANG_WARN_UNREACHABLE_CODE = YES;
				CLANG_WARN__DUPLICATE_METHOD_MATCH = YES;
				"CODE_SIGN_IDENTITY[sdk=iphoneos*]" = "iPhone Developer";
				COPY_PHASE_STRIP = NO;
				DEBUG_INFORMATION_FORMAT = dwarf;
				ENABLE_STRICT_OBJC_MSGSEND = YES;
				ENABLE_TESTABILITY = YES;
				GCC_C_LANGUAGE_STANDARD = gnu99;
				GCC_DYNAMIC_NO_PIC = NO;
				GCC_NO_COMMON_BLOCKS = YES;
				GCC_OPTIMIZATION_LEVEL = 0;
				GCC_PREPROCESSOR_DEFINITIONS = (
					"DEBUG=1",
					"$(inherited)",
				);
				GCC_WARN_64_TO_32_BIT_CONVERSION = YES;
				GCC_WARN_ABOUT_RETURN_TYPE = YES_ERROR;
				GCC_WARN_UNDECLARED_SELECTOR = YES;
				GCC_WARN_UNINITIALIZED_AUTOS = YES_AGGRESSIVE;
				GCC_WARN_UNUSED_FUNCTION = YES;
				GCC_WARN_UNUSED_VARIABLE = YES;
				IPHONEOS_DEPLOYMENT_TARGET = 9.1;
				MTL_ENABLE_DEBUG_INFO = YES;
				ONLY_ACTIVE_ARCH = YES;
				SDKROOT = iphoneos;
			};
			name = Debug;
		};
		DE26E7411BE2E8A800531C9F /* Release */ = {
			isa = XCBuildConfiguration;
			buildSettings = {
				ALWAYS_SEARCH_USER_PATHS = NO;
				CLANG_CXX_LANGUAGE_STANDARD = "gnu++0x";
				CLANG_CXX_LIBRARY = "libc++";
				CLANG_ENABLE_MODULES = YES;
				CLANG_ENABLE_OBJC_ARC = YES;
				CLANG_WARN_BOOL_CONVERSION = YES;
				CLANG_WARN_CONSTANT_CONVERSION = YES;
				CLANG_WARN_DIRECT_OBJC_ISA_USAGE = YES_ERROR;
				CLANG_WARN_EMPTY_BODY = YES;
				CLANG_WARN_ENUM_CONVERSION = YES;
				CLANG_WARN_INT_CONVERSION = YES;
				CLANG_WARN_OBJC_ROOT_CLASS = YES_ERROR;
				CLANG_WARN_UNREACHABLE_CODE = YES;
				CLANG_WARN__DUPLICATE_METHOD_MATCH = YES;
				"CODE_SIGN_IDENTITY[sdk=iphoneos*]" = "iPhone Developer";
				COPY_PHASE_STRIP = NO;
				DEBUG_INFORMATION_FORMAT = "dwarf-with-dsym";
				ENABLE_NS_ASSERTIONS = NO;
				ENABLE_STRICT_OBJC_MSGSEND = YES;
				GCC_C_LANGUAGE_STANDARD = gnu99;
				GCC_NO_COMMON_BLOCKS = YES;
				GCC_WARN_64_TO_32_BIT_CONVERSION = YES;
				GCC_WARN_ABOUT_RETURN_TYPE = YES_ERROR;
				GCC_WARN_UNDECLARED_SELECTOR = YES;
				GCC_WARN_UNINITIALIZED_AUTOS = YES_AGGRESSIVE;
				GCC_WARN_UNUSED_FUNCTION = YES;
				GCC_WARN_UNUSED_VARIABLE = YES;
				IPHONEOS_DEPLOYMENT_TARGET = 9.1;
				MTL_ENABLE_DEBUG_INFO = NO;
				SDKROOT = iphoneos;
				VALIDATE_PRODUCT = YES;
			};
			name = Release;
		};
		DE26E7431BE2E8A800531C9F /* Debug */ = {
			isa = XCBuildConfiguration;
			buildSettings = {
				ASSETCATALOG_COMPILER_APPICON_NAME = AppIcon;
				INFOPLIST_FILE = sendSMS/Info.plist;
				LD_RUNPATH_SEARCH_PATHS = "$(inherited) @executable_path/Frameworks";
				PRODUCT_BUNDLE_IDENTIFIER = DevBros.sendSMS;
				PRODUCT_NAME = "$(TARGET_NAME)";
			};
			name = Debug;
		};
		DE26E7441BE2E8A800531C9F /* Release */ = {
			isa = XCBuildConfiguration;
			buildSettings = {
				ASSETCATALOG_COMPILER_APPICON_NAME = AppIcon;
				INFOPLIST_FILE = sendSMS/Info.plist;
				LD_RUNPATH_SEARCH_PATHS = "$(inherited) @executable_path/Frameworks";
				PRODUCT_BUNDLE_IDENTIFIER = DevBros.sendSMS;
				PRODUCT_NAME = "$(TARGET_NAME)";
			};
			name = Release;
		};
/* End XCBuildConfiguration section */

/* Begin XCConfigurationList section */
		DE26E7261BE2E8A800531C9F /* Build configuration list for PBXProject "sendSMS" */ = {
			isa = XCConfigurationList;
			buildConfigurations = (
				DE26E7401BE2E8A800531C9F /* Debug */,
				DE26E7411BE2E8A800531C9F /* Release */,
			);
			defaultConfigurationIsVisible = 0;
			defaultConfigurationName = Release;
		};
		DE26E7421BE2E8A800531C9F /* Build configuration list for PBXNativeTarget "sendSMS" */ = {
			isa = XCConfigurationList;
			buildConfigurations = (
				DE26E7431BE2E8A800531C9F /* Debug */,
				DE26E7441BE2E8A800531C9F /* Release */,
			);
			defaultConfigurationIsVisible = 0;
		};
/* End XCConfigurationList section */
	};
	rootObject = DE26E7231BE2E8A800531C9F /* Project object */;
}
