// !$*UTF8*$!
{
	archiveVersion = 1;
	classes = {
	};
	objectVersion = 46;
	objects = {

/* Begin PBXBuildFile section */
		896E8E391EBB7A0500876B68 /* DatePickerViewController.swift in Sources */ = {isa = PBXBuildFile; fileRef = 896E8E381EBB7A0500876B68 /* DatePickerViewController.swift */; };
		896E8E3B1EBB7A1D00876B68 /* DatePickerInTextfieldViewController.swift in Sources */ = {isa = PBXBuildFile; fileRef = 896E8E3A1EBB7A1D00876B68 /* DatePickerInTextfieldViewController.swift */; };
		89C7BCCD1EA58EFE00009AB6 /* AppDelegate.swift in Sources */ = {isa = PBXBuildFile; fileRef = 89C7BCCC1EA58EFE00009AB6 /* AppDelegate.swift */; };
		89C7BCCF1EA58EFE00009AB6 /* TextfieldInPickerViewController.swift in Sources */ = {isa = PBXBuildFile; fileRef = 89C7BCCE1EA58EFE00009AB6 /* TextfieldInPickerViewController.swift */; };
		89C7BCD21EA58EFE00009AB6 /* Main.storyboard in Resources */ = {isa = PBXBuildFile; fileRef = 89C7BCD01EA58EFE00009AB6 /* Main.storyboard */; };
		89C7BCD41EA58EFE00009AB6 /* Assets.xcassets in Resources */ = {isa = PBXBuildFile; fileRef = 89C7BCD31EA58EFE00009AB6 /* Assets.xcassets */; };
		89C7BCD71EA58EFE00009AB6 /* LaunchScreen.storyboard in Resources */ = {isa = PBXBuildFile; fileRef = 89C7BCD51EA58EFE00009AB6 /* LaunchScreen.storyboard */; };
/* End PBXBuildFile section */

/* Begin PBXFileReference section */
		896E8E381EBB7A0500876B68 /* DatePickerViewController.swift */ = {isa = PBXFileReference; fileEncoding = 4; lastKnownFileType = sourcecode.swift; path = DatePickerViewController.swift; sourceTree = "<group>"; };
		896E8E3A1EBB7A1D00876B68 /* DatePickerInTextfieldViewController.swift */ = {isa = PBXFileReference; fileEncoding = 4; lastKnownFileType = sourcecode.swift; path = DatePickerInTextfieldViewController.swift; sourceTree = "<group>"; };
		89C7BCC91EA58EFE00009AB6 /* PickerView.app */ = {isa = PBXFileReference; explicitFileType = wrapper.application; includeInIndex = 0; path = PickerView.app; sourceTree = BUILT_PRODUCTS_DIR; };
		89C7BCCC1EA58EFE00009AB6 /* AppDelegate.swift */ = {isa = PBXFileReference; lastKnownFileType = sourcecode.swift; path = AppDelegate.swift; sourceTree = "<group>"; };
		89C7BCCE1EA58EFE00009AB6 /* TextfieldInPickerViewController.swift */ = {isa = PBXFileReference; lastKnownFileType = sourcecode.swift; path = TextfieldInPickerViewController.swift; sourceTree = "<group>"; };
		89C7BCD11EA58EFE00009AB6 /* Base */ = {isa = PBXFileReference; lastKnownFileType = file.storyboard; name = Base; path = Base.lproj/Main.storyboard; sourceTree = "<group>"; };
		89C7BCD31EA58EFE00009AB6 /* Assets.xcassets */ = {isa = PBXFileReference; lastKnownFileType = folder.assetcatalog; path = Assets.xcassets; sourceTree = "<group>"; };
		89C7BCD61EA58EFE00009AB6 /* Base */ = {isa = PBXFileReference; lastKnownFileType = file.storyboard; name = Base; path = Base.lproj/LaunchScreen.storyboard; sourceTree = "<group>"; };
		89C7BCD81EA58EFE00009AB6 /* Info.plist */ = {isa = PBXFileReference; lastKnownFileType = text.plist.xml; path = Info.plist; sourceTree = "<group>"; };
/* End PBXFileReference section */

/* Begin PBXFrameworksBuildPhase section */
		89C7BCC61EA58EFE00009AB6 /* Frameworks */ = {
			isa = PBXFrameworksBuildPhase;
			buildActionMask = 2147483647;
			files = (
			);
			runOnlyForDeploymentPostprocessing = 0;
		};
/* End PBXFrameworksBuildPhase section */

/* Begin PBXGroup section */
		896E8E351EBB78F100876B68 /* Controllers */ = {
			isa = PBXGroup;
			children = (
				89C7BCCE1EA58EFE00009AB6 /* TextfieldInPickerViewController.swift */,
				896E8E381EBB7A0500876B68 /* DatePickerViewController.swift */,
				896E8E3A1EBB7A1D00876B68 /* DatePickerInTextfieldViewController.swift */,
			);
			name = Controllers;
			sourceTree = "<group>";
		};
		896E8E361EBB790100876B68 /* Resources */ = {
			isa = PBXGroup;
			children = (
				89C7BCD81EA58EFE00009AB6 /* Info.plist */,
				89C7BCD31EA58EFE00009AB6 /* Assets.xcassets */,
			);
			name = Resources;
			sourceTree = "<group>";
		};
		896E8E371EBB790900876B68 /* Storyboard */ = {
			isa = PBXGroup;
			children = (
				89C7BCD01EA58EFE00009AB6 /* Main.storyboard */,
				89C7BCD51EA58EFE00009AB6 /* LaunchScreen.storyboard */,
			);
			name = Storyboard;
			sourceTree = "<group>";
		};
		89C7BCC01EA58EFE00009AB6 = {
			isa = PBXGroup;
			children = (
				89C7BCCB1EA58EFE00009AB6 /* PickerView */,
				89C7BCCA1EA58EFE00009AB6 /* Products */,
			);
			sourceTree = "<group>";
		};
		89C7BCCA1EA58EFE00009AB6 /* Products */ = {
			isa = PBXGroup;
			children = (
				89C7BCC91EA58EFE00009AB6 /* PickerView.app */,
			);
			name = Products;
			sourceTree = "<group>";
		};
		89C7BCCB1EA58EFE00009AB6 /* PickerView */ = {
			isa = PBXGroup;
			children = (
				89C7BCCC1EA58EFE00009AB6 /* AppDelegate.swift */,
				896E8E351EBB78F100876B68 /* Controllers */,
				896E8E371EBB790900876B68 /* Storyboard */,
				896E8E361EBB790100876B68 /* Resources */,
			);
			path = PickerView;
			sourceTree = "<group>";
		};
/* End PBXGroup section */

/* Begin PBXNativeTarget section */
		89C7BCC81EA58EFE00009AB6 /* PickerView */ = {
			isa = PBXNativeTarget;
			buildConfigurationList = 89C7BCDB1EA58EFE00009AB6 /* Build configuration list for PBXNativeTarget "PickerView" */;
			buildPhases = (
				89C7BCC51EA58EFE00009AB6 /* Sources */,
				89C7BCC61EA58EFE00009AB6 /* Frameworks */,
				89C7BCC71EA58EFE00009AB6 /* Resources */,
			);
			buildRules = (
			);
			dependencies = (
			);
			name = PickerView;
			productName = PickerView;
			productReference = 89C7BCC91EA58EFE00009AB6 /* PickerView.app */;
			productType = "com.apple.product-type.application";
		};
/* End PBXNativeTarget section */

/* Begin PBXProject section */
		89C7BCC11EA58EFE00009AB6 /* Project object */ = {
			isa = PBXProject;
			attributes = {
				LastSwiftUpdateCheck = 0830;
				LastUpgradeCheck = 0830;
				ORGANIZATIONNAME = lu;
				TargetAttributes = {
					89C7BCC81EA58EFE00009AB6 = {
						CreatedOnToolsVersion = 8.3.1;
						ProvisioningStyle = Automatic;
					};
				};
			};
			buildConfigurationList = 89C7BCC41EA58EFE00009AB6 /* Build configuration list for PBXProject "PickerView" */;
			compatibilityVersion = "Xcode 3.2";
			developmentRegion = English;
			hasScannedForEncodings = 0;
			knownRegions = (
				en,
				Base,
			);
			mainGroup = 89C7BCC01EA58EFE00009AB6;
			productRefGroup = 89C7BCCA1EA58EFE00009AB6 /* Products */;
			projectDirPath = "";
			projectRoot = "";
			targets = (
				89C7BCC81EA58EFE00009AB6 /* PickerView */,
			);
		};
/* End PBXProject section */

/* Begin PBXResourcesBuildPhase section */
		89C7BCC71EA58EFE00009AB6 /* Resources */ = {
			isa = PBXResourcesBuildPhase;
			buildActionMask = 2147483647;
			files = (
				89C7BCD71EA58EFE00009AB6 /* LaunchScreen.storyboard in Resources */,
				89C7BCD41EA58EFE00009AB6 /* Assets.xcassets in Resources */,
				89C7BCD21EA58EFE00009AB6 /* Main.storyboard in Resources */,
			);
			runOnlyForDeploymentPostprocessing = 0;
		};
/* End PBXResourcesBuildPhase section */

/* Begin PBXSourcesBuildPhase section */
		89C7BCC51EA58EFE00009AB6 /* Sources */ = {
			isa = PBXSourcesBuildPhase;
			buildActionMask = 2147483647;
			files = (
				89C7BCCF1EA58EFE00009AB6 /* TextfieldInPickerViewController.swift in Sources */,
				89C7BCCD1EA58EFE00009AB6 /* AppDelegate.swift in Sources */,
				896E8E391EBB7A0500876B68 /* DatePickerViewController.swift in Sources */,
				896E8E3B1EBB7A1D00876B68 /* DatePickerInTextfieldViewController.swift in Sources */,
			);
			runOnlyForDeploymentPostprocessing = 0;
		};
/* End PBXSourcesBuildPhase section */

/* Begin PBXVariantGroup section */
		89C7BCD01EA58EFE00009AB6 /* Main.storyboard */ = {
			isa = PBXVariantGroup;
			children = (
				89C7BCD11EA58EFE00009AB6 /* Base */,
			);
			name = Main.storyboard;
			sourceTree = "<group>";
		};
		89C7BCD51EA58EFE00009AB6 /* LaunchScreen.storyboard */ = {
			isa = PBXVariantGroup;
			children = (
				89C7BCD61EA58EFE00009AB6 /* Base */,
			);
			name = LaunchScreen.storyboard;
			sourceTree = "<group>";
		};
/* End PBXVariantGroup section */

/* Begin XCBuildConfiguration section */
		89C7BCD91EA58EFE00009AB6 /* Debug */ = {
			isa = XCBuildConfiguration;
			buildSettings = {
				ALWAYS_SEARCH_USER_PATHS = NO;
				CLANG_ANALYZER_NONNULL = YES;
				CLANG_ANALYZER_NUMBER_OBJECT_CONVERSION = YES_AGGRESSIVE;
				CLANG_CXX_LANGUAGE_STANDARD = "gnu++0x";
				CLANG_CXX_LIBRARY = "libc++";
				CLANG_ENABLE_MODULES = YES;
				CLANG_ENABLE_OBJC_ARC = YES;
				CLANG_WARN_BOOL_CONVERSION = YES;
				CLANG_WARN_CONSTANT_CONVERSION = YES;
				CLANG_WARN_DIRECT_OBJC_ISA_USAGE = YES_ERROR;
				CLANG_WARN_DOCUMENTATION_COMMENTS = YES;
				CLANG_WARN_EMPTY_BODY = YES;
				CLANG_WARN_ENUM_CONVERSION = YES;
				CLANG_WARN_INFINITE_RECURSION = YES;
				CLANG_WARN_INT_CONVERSION = YES;
				CLANG_WARN_OBJC_ROOT_CLASS = YES_ERROR;
				CLANG_WARN_SUSPICIOUS_MOVE = YES;
				CLANG_WARN_UNREACHABLE_CODE = YES;
				CLANG_WARN__DUPLICATE_METHOD_MATCH = YES;
				"CODE_SIGN_IDENTITY[sdk=iphoneos*]" = "iPhone Developer";
				COPY_PHASE_STRIP = NO;
				DEBUG_INFORMATION_FORMAT = dwarf;
				ENABLE_STRICT_OBJC_MSGSEND = YES;
				ENABLE_TESTABILITY = YES;
				GCC_C_LANGUAGE_STANDARD = gnu99;
				GCC_DYNAMIC_NO_PIC = NO;
				GCC_NO_COMMON_BLOCKS = YES;
				GCC_OPTIMIZATION_LEVEL = 0;
				GCC_PREPROCESSOR_DEFINITIONS = (
					"DEBUG=1",
					"$(inherited)",
				);
				GCC_WARN_64_TO_32_BIT_CONVERSION = YES;
				GCC_WARN_ABOUT_RETURN_TYPE = YES_ERROR;
				GCC_WARN_UNDECLARED_SELECTOR = YES;
				GCC_WARN_UNINITIALIZED_AUTOS = YES_AGGRESSIVE;
				GCC_WARN_UNUSED_FUNCTION = YES;
				GCC_WARN_UNUSED_VARIABLE = YES;
				IPHONEOS_DEPLOYMENT_TARGET = 10.3;
				MTL_ENABLE_DEBUG_INFO = YES;
				ONLY_ACTIVE_ARCH = YES;
				SDKROOT = iphoneos;
				SWIFT_ACTIVE_COMPILATION_CONDITIONS = DEBUG;
				SWIFT_OPTIMIZATION_LEVEL = "-Onone";
			};
			name = Debug;
		};
		89C7BCDA1EA58EFE00009AB6 /* Release */ = {
			isa = XCBuildConfiguration;
			buildSettings = {
				ALWAYS_SEARCH_USER_PATHS = NO;
				CLANG_ANALYZER_NONNULL = YES;
				CLANG_ANALYZER_NUMBER_OBJECT_CONVERSION = YES_AGGRESSIVE;
				CLANG_CXX_LANGUAGE_STANDARD = "gnu++0x";
				CLANG_CXX_LIBRARY = "libc++";
				CLANG_ENABLE_MODULES = YES;
				CLANG_ENABLE_OBJC_ARC = YES;
				CLANG_WARN_BOOL_CONVERSION = YES;
				CLANG_WARN_CONSTANT_CONVERSION = YES;
				CLANG_WARN_DIRECT_OBJC_ISA_USAGE = YES_ERROR;
				CLANG_WARN_DOCUMENTATION_COMMENTS = YES;
				CLANG_WARN_EMPTY_BODY = YES;
				CLANG_WARN_ENUM_CONVERSION = YES;
				CLANG_WARN_INFINITE_RECURSION = YES;
				CLANG_WARN_INT_CONVERSION = YES;
				CLANG_WARN_OBJC_ROOT_CLASS = YES_ERROR;
				CLANG_WARN_SUSPICIOUS_MOVE = YES;
				CLANG_WARN_UNREACHABLE_CODE = YES;
				CLANG_WARN__DUPLICATE_METHOD_MATCH = YES;
				"CODE_SIGN_IDENTITY[sdk=iphoneos*]" = "iPhone Developer";
				COPY_PHASE_STRIP = NO;
				DEBUG_INFORMATION_FORMAT = "dwarf-with-dsym";
				ENABLE_NS_ASSERTIONS = NO;
				ENABLE_STRICT_OBJC_MSGSEND = YES;
				GCC_C_LANGUAGE_STANDARD = gnu99;
				GCC_NO_COMMON_BLOCKS = YES;
				GCC_WARN_64_TO_32_BIT_CONVERSION = YES;
				GCC_WARN_ABOUT_RETURN_TYPE = YES_ERROR;
				GCC_WARN_UNDECLARED_SELECTOR = YES;
				GCC_WARN_UNINITIALIZED_AUTOS = YES_AGGRESSIVE;
				GCC_WARN_UNUSED_FUNCTION = YES;
				GCC_WARN_UNUSED_VARIABLE = YES;
				IPHONEOS_DEPLOYMENT_TARGET = 10.3;
				MTL_ENABLE_DEBUG_INFO = NO;
				SDKROOT = iphoneos;
				SWIFT_OPTIMIZATION_LEVEL = "-Owholemodule";
				VALIDATE_PRODUCT = YES;
			};
			name = Release;
		};
		89C7BCDC1EA58EFE00009AB6 /* Debug */ = {
			isa = XCBuildConfiguration;
			buildSettings = {
				ASSETCATALOG_COMPILER_APPICON_NAME = AppIcon;
				INFOPLIST_FILE = PickerView/Info.plist;
				LD_RUNPATH_SEARCH_PATHS = "$(inherited) @executable_path/Frameworks";
				PRODUCT_BUNDLE_IDENTIFIER = lc.PickerView;
				PRODUCT_NAME = "$(TARGET_NAME)";
				SWIFT_VERSION = 3.0;
			};
			name = Debug;
		};
		89C7BCDD1EA58EFE00009AB6 /* Release */ = {
			isa = XCBuildConfiguration;
			buildSettings = {
				ASSETCATALOG_COMPILER_APPICON_NAME = AppIcon;
				INFOPLIST_FILE = PickerView/Info.plist;
				LD_RUNPATH_SEARCH_PATHS = "$(inherited) @executable_path/Frameworks";
				PRODUCT_BUNDLE_IDENTIFIER = lc.PickerView;
				PRODUCT_NAME = "$(TARGET_NAME)";
				SWIFT_VERSION = 3.0;
			};
			name = Release;
		};
/* End XCBuildConfiguration section */

/* Begin XCConfigurationList section */
		89C7BCC41EA58EFE00009AB6 /* Build configuration list for PBXProject "PickerView" */ = {
			isa = XCConfigurationList;
			buildConfigurations = (
				89C7BCD91EA58EFE00009AB6 /* Debug */,
				89C7BCDA1EA58EFE00009AB6 /* Release */,
			);
			defaultConfigurationIsVisible = 0;
			defaultConfigurationName = Release;
		};
		89C7BCDB1EA58EFE00009AB6 /* Build configuration list for PBXNativeTarget "PickerView" */ = {
			isa = XCConfigurationList;
			buildConfigurations = (
				89C7BCDC1EA58EFE00009AB6 /* Debug */,
				89C7BCDD1EA58EFE00009AB6 /* Release */,
			);
			defaultConfigurationIsVisible = 0;
			defaultConfigurationName = Release;
		};
/* End XCConfigurationList section */
	};
	rootObject = 89C7BCC11EA58EFE00009AB6 /* Project object */;
}
