// !$*UTF8*$!
{
	archiveVersion = 1;
	classes = {
	};
	objectVersion = 46;
	objects = {

/* Begin PBXBuildFile section */
		DEC652F11BB206AD001A8655 /* main.m in Sources */ = {isa = PBXBuildFile; fileRef = DEC652F01BB206AD001A8655 /* main.m */; };
		DEC652F41BB206AD001A8655 /* AppDelegate.m in Sources */ = {isa = PBXBuildFile; fileRef = DEC652F31BB206AD001A8655 /* AppDelegate.m */; };
		DEC652F71BB206AD001A8655 /* ViewController.m in Sources */ = {isa = PBXBuildFile; fileRef = DEC652F61BB206AD001A8655 /* ViewController.m */; };
		DEC652FA1BB206AD001A8655 /* Main.storyboard in Resources */ = {isa = PBXBuildFile; fileRef = DEC652F81BB206AD001A8655 /* Main.storyboard */; };
		DEC652FD1BB206AD001A8655 /* coreData1.xcdatamodeld in Sources */ = {isa = PBXBuildFile; fileRef = DEC652FB1BB206AD001A8655 /* coreData1.xcdatamodeld */; };
		DEC652FF1BB206AD001A8655 /* Assets.xcassets in Resources */ = {isa = PBXBuildFile; fileRef = DEC652FE1BB206AD001A8655 /* Assets.xcassets */; };
		DEC653021BB206AD001A8655 /* LaunchScreen.storyboard in Resources */ = {isa = PBXBuildFile; fileRef = DEC653001BB206AD001A8655 /* LaunchScreen.storyboard */; };
		DEC6530D1BB206AE001A8655 /* coreData1Tests.m in Sources */ = {isa = PBXBuildFile; fileRef = DEC6530C1BB206AE001A8655 /* coreData1Tests.m */; };
		DEC653181BB206AE001A8655 /* coreData1UITests.m in Sources */ = {isa = PBXBuildFile; fileRef = DEC653171BB206AE001A8655 /* coreData1UITests.m */; };
		DEC653261BB206C0001A8655 /* CoreData.framework in Frameworks */ = {isa = PBXBuildFile; fileRef = DEC653251BB206C0001A8655 /* CoreData.framework */; };
/* End PBXBuildFile section */

/* Begin PBXContainerItemProxy section */
		DEC653091BB206AE001A8655 /* PBXContainerItemProxy */ = {
			isa = PBXContainerItemProxy;
			containerPortal = DEC652E41BB206AD001A8655 /* Project object */;
			proxyType = 1;
			remoteGlobalIDString = DEC652EB1BB206AD001A8655;
			remoteInfo = coreData1;
		};
		DEC653141BB206AE001A8655 /* PBXContainerItemProxy */ = {
			isa = PBXContainerItemProxy;
			containerPortal = DEC652E41BB206AD001A8655 /* Project object */;
			proxyType = 1;
			remoteGlobalIDString = DEC652EB1BB206AD001A8655;
			remoteInfo = coreData1;
		};
/* End PBXContainerItemProxy section */

/* Begin PBXFileReference section */
		DEC652EC1BB206AD001A8655 /* coreData1.app */ = {isa = PBXFileReference; explicitFileType = wrapper.application; includeInIndex = 0; path = coreData1.app; sourceTree = BUILT_PRODUCTS_DIR; };
		DEC652F01BB206AD001A8655 /* main.m */ = {isa = PBXFileReference; lastKnownFileType = sourcecode.c.objc; path = main.m; sourceTree = "<group>"; };
		DEC652F21BB206AD001A8655 /* AppDelegate.h */ = {isa = PBXFileReference; lastKnownFileType = sourcecode.c.h; path = AppDelegate.h; sourceTree = "<group>"; };
		DEC652F31BB206AD001A8655 /* AppDelegate.m */ = {isa = PBXFileReference; lastKnownFileType = sourcecode.c.objc; path = AppDelegate.m; sourceTree = "<group>"; };
		DEC652F51BB206AD001A8655 /* ViewController.h */ = {isa = PBXFileReference; lastKnownFileType = sourcecode.c.h; path = ViewController.h; sourceTree = "<group>"; };
		DEC652F61BB206AD001A8655 /* ViewController.m */ = {isa = PBXFileReference; lastKnownFileType = sourcecode.c.objc; path = ViewController.m; sourceTree = "<group>"; };
		DEC652F91BB206AD001A8655 /* Base */ = {isa = PBXFileReference; lastKnownFileType = file.storyboard; name = Base; path = Base.lproj/Main.storyboard; sourceTree = "<group>"; };
		DEC652FC1BB206AD001A8655 /* coreData1.xcdatamodel */ = {isa = PBXFileReference; lastKnownFileType = wrapper.xcdatamodel; path = coreData1.xcdatamodel; sourceTree = "<group>"; };
		DEC652FE1BB206AD001A8655 /* Assets.xcassets */ = {isa = PBXFileReference; lastKnownFileType = folder.assetcatalog; path = Assets.xcassets; sourceTree = "<group>"; };
		DEC653011BB206AD001A8655 /* Base */ = {isa = PBXFileReference; lastKnownFileType = file.storyboard; name = Base; path = Base.lproj/LaunchScreen.storyboard; sourceTree = "<group>"; };
		DEC653031BB206AD001A8655 /* Info.plist */ = {isa = PBXFileReference; lastKnownFileType = text.plist.xml; path = Info.plist; sourceTree = "<group>"; };
		DEC653081BB206AE001A8655 /* coreData1Tests.xctest */ = {isa = PBXFileReference; explicitFileType = wrapper.cfbundle; includeInIndex = 0; path = coreData1Tests.xctest; sourceTree = BUILT_PRODUCTS_DIR; };
		DEC6530C1BB206AE001A8655 /* coreData1Tests.m */ = {isa = PBXFileReference; lastKnownFileType = sourcecode.c.objc; path = coreData1Tests.m; sourceTree = "<group>"; };
		DEC6530E1BB206AE001A8655 /* Info.plist */ = {isa = PBXFileReference; lastKnownFileType = text.plist.xml; path = Info.plist; sourceTree = "<group>"; };
		DEC653131BB206AE001A8655 /* coreData1UITests.xctest */ = {isa = PBXFileReference; explicitFileType = wrapper.cfbundle; includeInIndex = 0; path = coreData1UITests.xctest; sourceTree = BUILT_PRODUCTS_DIR; };
		DEC653171BB206AE001A8655 /* coreData1UITests.m */ = {isa = PBXFileReference; lastKnownFileType = sourcecode.c.objc; path = coreData1UITests.m; sourceTree = "<group>"; };
		DEC653191BB206AE001A8655 /* Info.plist */ = {isa = PBXFileReference; lastKnownFileType = text.plist.xml; path = Info.plist; sourceTree = "<group>"; };
		DEC653251BB206C0001A8655 /* CoreData.framework */ = {isa = PBXFileReference; lastKnownFileType = wrapper.framework; name = CoreData.framework; path = System/Library/Frameworks/CoreData.framework; sourceTree = SDKROOT; };
/* End PBXFileReference section */

/* Begin PBXFrameworksBuildPhase section */
		DEC652E91BB206AD001A8655 /* Frameworks */ = {
			isa = PBXFrameworksBuildPhase;
			buildActionMask = 2147483647;
			files = (
				DEC653261BB206C0001A8655 /* CoreData.framework in Frameworks */,
			);
			runOnlyForDeploymentPostprocessing = 0;
		};
		DEC653051BB206AE001A8655 /* Frameworks */ = {
			isa = PBXFrameworksBuildPhase;
			buildActionMask = 2147483647;
			files = (
			);
			runOnlyForDeploymentPostprocessing = 0;
		};
		DEC653101BB206AE001A8655 /* Frameworks */ = {
			isa = PBXFrameworksBuildPhase;
			buildActionMask = 2147483647;
			files = (
			);
			runOnlyForDeploymentPostprocessing = 0;
		};
/* End PBXFrameworksBuildPhase section */

/* Begin PBXGroup section */
		DEC652E31BB206AD001A8655 = {
			isa = PBXGroup;
			children = (
				DEC653251BB206C0001A8655 /* CoreData.framework */,
				DEC652EE1BB206AD001A8655 /* coreData1 */,
				DEC6530B1BB206AE001A8655 /* coreData1Tests */,
				DEC653161BB206AE001A8655 /* coreData1UITests */,
				DEC652ED1BB206AD001A8655 /* Products */,
			);
			sourceTree = "<group>";
		};
		DEC652ED1BB206AD001A8655 /* Products */ = {
			isa = PBXGroup;
			children = (
				DEC652EC1BB206AD001A8655 /* coreData1.app */,
				DEC653081BB206AE001A8655 /* coreData1Tests.xctest */,
				DEC653131BB206AE001A8655 /* coreData1UITests.xctest */,
			);
			name = Products;
			sourceTree = "<group>";
		};
		DEC652EE1BB206AD001A8655 /* coreData1 */ = {
			isa = PBXGroup;
			children = (
				DEC652F21BB206AD001A8655 /* AppDelegate.h */,
				DEC652F31BB206AD001A8655 /* AppDelegate.m */,
				DEC652FE1BB206AD001A8655 /* Assets.xcassets */,
				DEC653031BB206AD001A8655 /* Info.plist */,
				DEC652FB1BB206AD001A8655 /* coreData1.xcdatamodeld */,
				F741E5241CBD507B00C05DE1 /* Views */,
				F741E5231CBD507300C05DE1 /* Controllers */,
				DEC652EF1BB206AD001A8655 /* Supporting Files */,
			);
			path = coreData1;
			sourceTree = "<group>";
		};
		DEC652EF1BB206AD001A8655 /* Supporting Files */ = {
			isa = PBXGroup;
			children = (
				DEC652F01BB206AD001A8655 /* main.m */,
			);
			name = "Supporting Files";
			sourceTree = "<group>";
		};
		DEC6530B1BB206AE001A8655 /* coreData1Tests */ = {
			isa = PBXGroup;
			children = (
				DEC6530C1BB206AE001A8655 /* coreData1Tests.m */,
				DEC6530E1BB206AE001A8655 /* Info.plist */,
			);
			path = coreData1Tests;
			sourceTree = "<group>";
		};
		DEC653161BB206AE001A8655 /* coreData1UITests */ = {
			isa = PBXGroup;
			children = (
				DEC653171BB206AE001A8655 /* coreData1UITests.m */,
				DEC653191BB206AE001A8655 /* Info.plist */,
			);
			path = coreData1UITests;
			sourceTree = "<group>";
		};
		F741E5231CBD507300C05DE1 /* Controllers */ = {
			isa = PBXGroup;
			children = (
				DEC652F51BB206AD001A8655 /* ViewController.h */,
				DEC652F61BB206AD001A8655 /* ViewController.m */,
			);
			name = Controllers;
			sourceTree = "<group>";
		};
		F741E5241CBD507B00C05DE1 /* Views */ = {
			isa = PBXGroup;
			children = (
				DEC652F81BB206AD001A8655 /* Main.storyboard */,
				DEC653001BB206AD001A8655 /* LaunchScreen.storyboard */,
			);
			name = Views;
			sourceTree = "<group>";
		};
/* End PBXGroup section */

/* Begin PBXNativeTarget section */
		DEC652EB1BB206AD001A8655 /* coreData1 */ = {
			isa = PBXNativeTarget;
			buildConfigurationList = DEC6531C1BB206AE001A8655 /* Build configuration list for PBXNativeTarget "coreData1" */;
			buildPhases = (
				DEC652E81BB206AD001A8655 /* Sources */,
				DEC652E91BB206AD001A8655 /* Frameworks */,
				DEC652EA1BB206AD001A8655 /* Resources */,
			);
			buildRules = (
			);
			dependencies = (
			);
			name = coreData1;
			productName = coreData1;
			productReference = DEC652EC1BB206AD001A8655 /* coreData1.app */;
			productType = "com.apple.product-type.application";
		};
		DEC653071BB206AE001A8655 /* coreData1Tests */ = {
			isa = PBXNativeTarget;
			buildConfigurationList = DEC6531F1BB206AE001A8655 /* Build configuration list for PBXNativeTarget "coreData1Tests" */;
			buildPhases = (
				DEC653041BB206AE001A8655 /* Sources */,
				DEC653051BB206AE001A8655 /* Frameworks */,
				DEC653061BB206AE001A8655 /* Resources */,
			);
			buildRules = (
			);
			dependencies = (
				DEC6530A1BB206AE001A8655 /* PBXTargetDependency */,
			);
			name = coreData1Tests;
			productName = coreData1Tests;
			productReference = DEC653081BB206AE001A8655 /* coreData1Tests.xctest */;
			productType = "com.apple.product-type.bundle.unit-test";
		};
		DEC653121BB206AE001A8655 /* coreData1UITests */ = {
			isa = PBXNativeTarget;
			buildConfigurationList = DEC653221BB206AE001A8655 /* Build configuration list for PBXNativeTarget "coreData1UITests" */;
			buildPhases = (
				DEC6530F1BB206AE001A8655 /* Sources */,
				DEC653101BB206AE001A8655 /* Frameworks */,
				DEC653111BB206AE001A8655 /* Resources */,
			);
			buildRules = (
			);
			dependencies = (
				DEC653151BB206AE001A8655 /* PBXTargetDependency */,
			);
			name = coreData1UITests;
			productName = coreData1UITests;
			productReference = DEC653131BB206AE001A8655 /* coreData1UITests.xctest */;
			productType = "com.apple.product-type.bundle.ui-testing";
		};
/* End PBXNativeTarget section */

/* Begin PBXProject section */
		DEC652E41BB206AD001A8655 /* Project object */ = {
			isa = PBXProject;
			attributes = {
				LastUpgradeCheck = 0700;
				ORGANIZATIONNAME = DevBros;
				TargetAttributes = {
					DEC652EB1BB206AD001A8655 = {
						CreatedOnToolsVersion = 7.0;
					};
					DEC653071BB206AE001A8655 = {
						CreatedOnToolsVersion = 7.0;
						TestTargetID = DEC652EB1BB206AD001A8655;
					};
					DEC653121BB206AE001A8655 = {
						CreatedOnToolsVersion = 7.0;
						TestTargetID = DEC652EB1BB206AD001A8655;
					};
				};
			};
			buildConfigurationList = DEC652E71BB206AD001A8655 /* Build configuration list for PBXProject "coreData1" */;
			compatibilityVersion = "Xcode 3.2";
			developmentRegion = English;
			hasScannedForEncodings = 0;
			knownRegions = (
				en,
				Base,
			);
			mainGroup = DEC652E31BB206AD001A8655;
			productRefGroup = DEC652ED1BB206AD001A8655 /* Products */;
			projectDirPath = "";
			projectRoot = "";
			targets = (
				DEC652EB1BB206AD001A8655 /* coreData1 */,
				DEC653071BB206AE001A8655 /* coreData1Tests */,
				DEC653121BB206AE001A8655 /* coreData1UITests */,
			);
		};
/* End PBXProject section */

/* Begin PBXResourcesBuildPhase section */
		DEC652EA1BB206AD001A8655 /* Resources */ = {
			isa = PBXResourcesBuildPhase;
			buildActionMask = 2147483647;
			files = (
				DEC653021BB206AD001A8655 /* LaunchScreen.storyboard in Resources */,
				DEC652FF1BB206AD001A8655 /* Assets.xcassets in Resources */,
				DEC652FA1BB206AD001A8655 /* Main.storyboard in Resources */,
			);
			runOnlyForDeploymentPostprocessing = 0;
		};
		DEC653061BB206AE001A8655 /* Resources */ = {
			isa = PBXResourcesBuildPhase;
			buildActionMask = 2147483647;
			files = (
			);
			runOnlyForDeploymentPostprocessing = 0;
		};
		DEC653111BB206AE001A8655 /* Resources */ = {
			isa = PBXResourcesBuildPhase;
			buildActionMask = 2147483647;
			files = (
			);
			runOnlyForDeploymentPostprocessing = 0;
		};
/* End PBXResourcesBuildPhase section */

/* Begin PBXSourcesBuildPhase section */
		DEC652E81BB206AD001A8655 /* Sources */ = {
			isa = PBXSourcesBuildPhase;
			buildActionMask = 2147483647;
			files = (
				DEC652F71BB206AD001A8655 /* ViewController.m in Sources */,
				DEC652F41BB206AD001A8655 /* AppDelegate.m in Sources */,
				DEC652FD1BB206AD001A8655 /* coreData1.xcdatamodeld in Sources */,
				DEC652F11BB206AD001A8655 /* main.m in Sources */,
			);
			runOnlyForDeploymentPostprocessing = 0;
		};
		DEC653041BB206AE001A8655 /* Sources */ = {
			isa = PBXSourcesBuildPhase;
			buildActionMask = 2147483647;
			files = (
				DEC6530D1BB206AE001A8655 /* coreData1Tests.m in Sources */,
			);
			runOnlyForDeploymentPostprocessing = 0;
		};
		DEC6530F1BB206AE001A8655 /* Sources */ = {
			isa = PBXSourcesBuildPhase;
			buildActionMask = 2147483647;
			files = (
				DEC653181BB206AE001A8655 /* coreData1UITests.m in Sources */,
			);
			runOnlyForDeploymentPostprocessing = 0;
		};
/* End PBXSourcesBuildPhase section */

/* Begin PBXTargetDependency section */
		DEC6530A1BB206AE001A8655 /* PBXTargetDependency */ = {
			isa = PBXTargetDependency;
			target = DEC652EB1BB206AD001A8655 /* coreData1 */;
			targetProxy = DEC653091BB206AE001A8655 /* PBXContainerItemProxy */;
		};
		DEC653151BB206AE001A8655 /* PBXTargetDependency */ = {
			isa = PBXTargetDependency;
			target = DEC652EB1BB206AD001A8655 /* coreData1 */;
			targetProxy = DEC653141BB206AE001A8655 /* PBXContainerItemProxy */;
		};
/* End PBXTargetDependency section */

/* Begin PBXVariantGroup section */
		DEC652F81BB206AD001A8655 /* Main.storyboard */ = {
			isa = PBXVariantGroup;
			children = (
				DEC652F91BB206AD001A8655 /* Base */,
			);
			name = Main.storyboard;
			sourceTree = "<group>";
		};
		DEC653001BB206AD001A8655 /* LaunchScreen.storyboard */ = {
			isa = PBXVariantGroup;
			children = (
				DEC653011BB206AD001A8655 /* Base */,
			);
			name = LaunchScreen.storyboard;
			sourceTree = "<group>";
		};
/* End PBXVariantGroup section */

/* Begin XCBuildConfiguration section */
		DEC6531A1BB206AE001A8655 /* Debug */ = {
			isa = XCBuildConfiguration;
			buildSettings = {
				ALWAYS_SEARCH_USER_PATHS = NO;
				CLANG_CXX_LANGUAGE_STANDARD = "gnu++0x";
				CLANG_CXX_LIBRARY = "libc++";
				CLANG_ENABLE_MODULES = YES;
				CLANG_ENABLE_OBJC_ARC = YES;
				CLANG_WARN_BOOL_CONVERSION = YES;
				CLANG_WARN_CONSTANT_CONVERSION = YES;
				CLANG_WARN_DIRECT_OBJC_ISA_USAGE = YES_ERROR;
				CLANG_WARN_EMPTY_BODY = YES;
				CLANG_WARN_ENUM_CONVERSION = YES;
				CLANG_WARN_INT_CONVERSION = YES;
				CLANG_WARN_OBJC_ROOT_CLASS = YES_ERROR;
				CLANG_WARN_UNREACHABLE_CODE = YES;
				CLANG_WARN__DUPLICATE_METHOD_MATCH = YES;
				"CODE_SIGN_IDENTITY[sdk=iphoneos*]" = "iPhone Developer";
				COPY_PHASE_STRIP = NO;
				DEBUG_INFORMATION_FORMAT = dwarf;
				ENABLE_STRICT_OBJC_MSGSEND = YES;
				ENABLE_TESTABILITY = YES;
				GCC_C_LANGUAGE_STANDARD = gnu99;
				GCC_DYNAMIC_NO_PIC = NO;
				GCC_NO_COMMON_BLOCKS = YES;
				GCC_OPTIMIZATION_LEVEL = 0;
				GCC_PREPROCESSOR_DEFINITIONS = (
					"DEBUG=1",
					"$(inherited)",
				);
				GCC_WARN_64_TO_32_BIT_CONVERSION = YES;
				GCC_WARN_ABOUT_RETURN_TYPE = YES_ERROR;
				GCC_WARN_UNDECLARED_SELECTOR = YES;
				GCC_WARN_UNINITIALIZED_AUTOS = YES_AGGRESSIVE;
				GCC_WARN_UNUSED_FUNCTION = YES;
				GCC_WARN_UNUSED_VARIABLE = YES;
				IPHONEOS_DEPLOYMENT_TARGET = 9.0;
				MTL_ENABLE_DEBUG_INFO = YES;
				ONLY_ACTIVE_ARCH = YES;
				SDKROOT = iphoneos;
			};
			name = Debug;
		};
		DEC6531B1BB206AE001A8655 /* Release */ = {
			isa = XCBuildConfiguration;
			buildSettings = {
				ALWAYS_SEARCH_USER_PATHS = NO;
				CLANG_CXX_LANGUAGE_STANDARD = "gnu++0x";
				CLANG_CXX_LIBRARY = "libc++";
				CLANG_ENABLE_MODULES = YES;
				CLANG_ENABLE_OBJC_ARC = YES;
				CLANG_WARN_BOOL_CONVERSION = YES;
				CLANG_WARN_CONSTANT_CONVERSION = YES;
				CLANG_WARN_DIRECT_OBJC_ISA_USAGE = YES_ERROR;
				CLANG_WARN_EMPTY_BODY = YES;
				CLANG_WARN_ENUM_CONVERSION = YES;
				CLANG_WARN_INT_CONVERSION = YES;
				CLANG_WARN_OBJC_ROOT_CLASS = YES_ERROR;
				CLANG_WARN_UNREACHABLE_CODE = YES;
				CLANG_WARN__DUPLICATE_METHOD_MATCH = YES;
				"CODE_SIGN_IDENTITY[sdk=iphoneos*]" = "iPhone Developer";
				COPY_PHASE_STRIP = NO;
				DEBUG_INFORMATION_FORMAT = "dwarf-with-dsym";
				ENABLE_NS_ASSERTIONS = NO;
				ENABLE_STRICT_OBJC_MSGSEND = YES;
				GCC_C_LANGUAGE_STANDARD = gnu99;
				GCC_NO_COMMON_BLOCKS = YES;
				GCC_WARN_64_TO_32_BIT_CONVERSION = YES;
				GCC_WARN_ABOUT_RETURN_TYPE = YES_ERROR;
				GCC_WARN_UNDECLARED_SELECTOR = YES;
				GCC_WARN_UNINITIALIZED_AUTOS = YES_AGGRESSIVE;
				GCC_WARN_UNUSED_FUNCTION = YES;
				GCC_WARN_UNUSED_VARIABLE = YES;
				IPHONEOS_DEPLOYMENT_TARGET = 9.0;
				MTL_ENABLE_DEBUG_INFO = NO;
				SDKROOT = iphoneos;
				VALIDATE_PRODUCT = YES;
			};
			name = Release;
		};
		DEC6531D1BB206AE001A8655 /* Debug */ = {
			isa = XCBuildConfiguration;
			buildSettings = {
				ASSETCATALOG_COMPILER_APPICON_NAME = AppIcon;
				INFOPLIST_FILE = coreData1/Info.plist;
				LD_RUNPATH_SEARCH_PATHS = "$(inherited) @executable_path/Frameworks";
				PRODUCT_BUNDLE_IDENTIFIER = DevBros.coreData1;
				PRODUCT_NAME = "$(TARGET_NAME)";
			};
			name = Debug;
		};
		DEC6531E1BB206AE001A8655 /* Release */ = {
			isa = XCBuildConfiguration;
			buildSettings = {
				ASSETCATALOG_COMPILER_APPICON_NAME = AppIcon;
				INFOPLIST_FILE = coreData1/Info.plist;
				LD_RUNPATH_SEARCH_PATHS = "$(inherited) @executable_path/Frameworks";
				PRODUCT_BUNDLE_IDENTIFIER = DevBros.coreData1;
				PRODUCT_NAME = "$(TARGET_NAME)";
			};
			name = Release;
		};
		DEC653201BB206AE001A8655 /* Debug */ = {
			isa = XCBuildConfiguration;
			buildSettings = {
				BUNDLE_LOADER = "$(TEST_HOST)";
				INFOPLIST_FILE = coreData1Tests/Info.plist;
				LD_RUNPATH_SEARCH_PATHS = "$(inherited) @executable_path/Frameworks @loader_path/Frameworks";
				PRODUCT_BUNDLE_IDENTIFIER = DevBros.coreData1Tests;
				PRODUCT_NAME = "$(TARGET_NAME)";
				TEST_HOST = "$(BUILT_PRODUCTS_DIR)/coreData1.app/coreData1";
			};
			name = Debug;
		};
		DEC653211BB206AE001A8655 /* Release */ = {
			isa = XCBuildConfiguration;
			buildSettings = {
				BUNDLE_LOADER = "$(TEST_HOST)";
				INFOPLIST_FILE = coreData1Tests/Info.plist;
				LD_RUNPATH_SEARCH_PATHS = "$(inherited) @executable_path/Frameworks @loader_path/Frameworks";
				PRODUCT_BUNDLE_IDENTIFIER = DevBros.coreData1Tests;
				PRODUCT_NAME = "$(TARGET_NAME)";
				TEST_HOST = "$(BUILT_PRODUCTS_DIR)/coreData1.app/coreData1";
			};
			name = Release;
		};
		DEC653231BB206AE001A8655 /* Debug */ = {
			isa = XCBuildConfiguration;
			buildSettings = {
				INFOPLIST_FILE = coreData1UITests/Info.plist;
				LD_RUNPATH_SEARCH_PATHS = "$(inherited) @executable_path/Frameworks @loader_path/Frameworks";
				PRODUCT_BUNDLE_IDENTIFIER = DevBros.coreData1UITests;
				PRODUCT_NAME = "$(TARGET_NAME)";
				TEST_TARGET_NAME = coreData1;
				USES_XCTRUNNER = YES;
			};
			name = Debug;
		};
		DEC653241BB206AE001A8655 /* Release */ = {
			isa = XCBuildConfiguration;
			buildSettings = {
				INFOPLIST_FILE = coreData1UITests/Info.plist;
				LD_RUNPATH_SEARCH_PATHS = "$(inherited) @executable_path/Frameworks @loader_path/Frameworks";
				PRODUCT_BUNDLE_IDENTIFIER = DevBros.coreData1UITests;
				PRODUCT_NAME = "$(TARGET_NAME)";
				TEST_TARGET_NAME = coreData1;
				USES_XCTRUNNER = YES;
			};
			name = Release;
		};
/* End XCBuildConfiguration section */

/* Begin XCConfigurationList section */
		DEC652E71BB206AD001A8655 /* Build configuration list for PBXProject "coreData1" */ = {
			isa = XCConfigurationList;
			buildConfigurations = (
				DEC6531A1BB206AE001A8655 /* Debug */,
				DEC6531B1BB206AE001A8655 /* Release */,
			);
			defaultConfigurationIsVisible = 0;
			defaultConfigurationName = Release;
		};
		DEC6531C1BB206AE001A8655 /* Build configuration list for PBXNativeTarget "coreData1" */ = {
			isa = XCConfigurationList;
			buildConfigurations = (
				DEC6531D1BB206AE001A8655 /* Debug */,
				DEC6531E1BB206AE001A8655 /* Release */,
			);
			defaultConfigurationIsVisible = 0;
			defaultConfigurationName = Release;
		};
		DEC6531F1BB206AE001A8655 /* Build configuration list for PBXNativeTarget "coreData1Tests" */ = {
			isa = XCConfigurationList;
			buildConfigurations = (
				DEC653201BB206AE001A8655 /* Debug */,
				DEC653211BB206AE001A8655 /* Release */,
			);
			defaultConfigurationIsVisible = 0;
			defaultConfigurationName = Release;
		};
		DEC653221BB206AE001A8655 /* Build configuration list for PBXNativeTarget "coreData1UITests" */ = {
			isa = XCConfigurationList;
			buildConfigurations = (
				DEC653231BB206AE001A8655 /* Debug */,
				DEC653241BB206AE001A8655 /* Release */,
			);
			defaultConfigurationIsVisible = 0;
			defaultConfigurationName = Release;
		};
/* End XCConfigurationList section */

/* Begin XCVersionGroup section */
		DEC652FB1BB206AD001A8655 /* coreData1.xcdatamodeld */ = {
			isa = XCVersionGroup;
			children = (
				DEC652FC1BB206AD001A8655 /* coreData1.xcdatamodel */,
			);
			currentVersion = DEC652FC1BB206AD001A8655 /* coreData1.xcdatamodel */;
			path = coreData1.xcdatamodeld;
			sourceTree = "<group>";
			versionGroupType = wrapper.xcdatamodel;
		};
/* End XCVersionGroup section */
	};
	rootObject = DEC652E41BB206AD001A8655 /* Project object */;
}
