// !$*UTF8*$!
{
	archiveVersion = 1;
	classes = {
	};
	objectVersion = 46;
	objects = {

/* Begin PBXBuildFile section */
		DE91F1131BE00DE2007F892D /* main.m in Sources */ = {isa = PBXBuildFile; fileRef = DE91F1121BE00DE2007F892D /* main.m */; };
		DE91F1161BE00DE2007F892D /* AppDelegate.m in Sources */ = {isa = PBXBuildFile; fileRef = DE91F1151BE00DE2007F892D /* AppDelegate.m */; };
		DE91F11C1BE00DE2007F892D /* Main.storyboard in Resources */ = {isa = PBXBuildFile; fileRef = DE91F11A1BE00DE2007F892D /* Main.storyboard */; };
		DE91F11E1BE00DE2007F892D /* Assets.xcassets in Resources */ = {isa = PBXBuildFile; fileRef = DE91F11D1BE00DE2007F892D /* Assets.xcassets */; };
		DE91F1211BE00DE2007F892D /* LaunchScreen.storyboard in Resources */ = {isa = PBXBuildFile; fileRef = DE91F11F1BE00DE2007F892D /* LaunchScreen.storyboard */; };
		DE91F13A1BE01734007F892D /* BasicViewTableViewController.m in Sources */ = {isa = PBXBuildFile; fileRef = DE91F1391BE01734007F892D /* BasicViewTableViewController.m */; };
		DE91F13D1BE0174D007F892D /* BasicViewTableViewCell.m in Sources */ = {isa = PBXBuildFile; fileRef = DE91F13C1BE0174D007F892D /* BasicViewTableViewCell.m */; };
		DE91F1471BE02BAD007F892D /* BasicView1TableViewController.m in Sources */ = {isa = PBXBuildFile; fileRef = DE91F1461BE02BAD007F892D /* BasicView1TableViewController.m */; };
		DE91F14A1BE02BC4007F892D /* BasicView1TableViewCell.m in Sources */ = {isa = PBXBuildFile; fileRef = DE91F1491BE02BC4007F892D /* BasicView1TableViewCell.m */; };
		DE91F14D1BE0457A007F892D /* BasicView1DetailViewController.m in Sources */ = {isa = PBXBuildFile; fileRef = DE91F14C1BE0457A007F892D /* BasicView1DetailViewController.m */; };
		DECB6E0C1E63ABEE00316432 /* CenteredPagingTableViewCell.swift in Sources */ = {isa = PBXBuildFile; fileRef = DECB6E0B1E63ABEE00316432 /* CenteredPagingTableViewCell.swift */; };
		DECB6E0E1E63AC5E00316432 /* CenteredPagingTableViewController.swift in Sources */ = {isa = PBXBuildFile; fileRef = DECB6E0D1E63AC5E00316432 /* CenteredPagingTableViewController.swift */; };
		DECB6E111E63B5DE00316432 /* BottomRefreshCellTableViewController.m in Sources */ = {isa = PBXBuildFile; fileRef = DECB6E101E63B5DE00316432 /* BottomRefreshCellTableViewController.m */; };
		DECB6E171E63B67600316432 /* LoadingTableViewCell.m in Sources */ = {isa = PBXBuildFile; fileRef = DECB6E161E63B67600316432 /* LoadingTableViewCell.m */; };
		DECB6E1F1E63C18C00316432 /* LetterViewController.m in Sources */ = {isa = PBXBuildFile; fileRef = DECB6E1E1E63C18C00316432 /* LetterViewController.m */; };
		DECB6E241E63E2A300316432 /* QuoteBottomTableViewController.swift in Sources */ = {isa = PBXBuildFile; fileRef = DECB6E231E63E2A300316432 /* QuoteBottomTableViewController.swift */; };
		DECB6E281E63EBA800316432 /* BottomFooterIndicatorTableViewController.m in Sources */ = {isa = PBXBuildFile; fileRef = DECB6E271E63EBA800316432 /* BottomFooterIndicatorTableViewController.m */; };
		DECB6E2C1E63F64400316432 /* TopHeaderIndicatorTableViewController.m in Sources */ = {isa = PBXBuildFile; fileRef = DECB6E2B1E63F64400316432 /* TopHeaderIndicatorTableViewController.m */; };
		DECB6E2F1E64F42C00316432 /* TopAndBottomIndicatorTableViewController.swift in Sources */ = {isa = PBXBuildFile; fileRef = DECB6E2E1E64F42C00316432 /* TopAndBottomIndicatorTableViewController.swift */; };
		DEFACFA81BE0584F00BAAAE2 /* BasicView2DetailViewController.m in Sources */ = {isa = PBXBuildFile; fileRef = DEFACFA71BE0584F00BAAAE2 /* BasicView2DetailViewController.m */; };
		DEFACFAB1BE0586600BAAAE2 /* BasicView2TableViewController.m in Sources */ = {isa = PBXBuildFile; fileRef = DEFACFAA1BE0586600BAAAE2 /* BasicView2TableViewController.m */; };
		DEFACFAE1BE0587A00BAAAE2 /* BasicView2TableViewCell.m in Sources */ = {isa = PBXBuildFile; fileRef = DEFACFAD1BE0587A00BAAAE2 /* BasicView2TableViewCell.m */; };
		DEFACFB11BE05F2B00BAAAE2 /* TableViewHeader.m in Sources */ = {isa = PBXBuildFile; fileRef = DEFACFB01BE05F2B00BAAAE2 /* TableViewHeader.m */; };
		DEFACFB61BE0610A00BAAAE2 /* Header.jpg in Resources */ = {isa = PBXBuildFile; fileRef = DEFACFB31BE0610A00BAAAE2 /* Header.jpg */; };
		DEFACFB71BE0610A00BAAAE2 /* Header@2x.jpg in Resources */ = {isa = PBXBuildFile; fileRef = DEFACFB41BE0610A00BAAAE2 /* Header@2x.jpg */; };
		DEFACFB81BE0610A00BAAAE2 /* Header@3x.jpg in Resources */ = {isa = PBXBuildFile; fileRef = DEFACFB51BE0610A00BAAAE2 /* Header@3x.jpg */; };
		DEFACFBE1BE0611F00BAAAE2 /* burj.jpg in Resources */ = {isa = PBXBuildFile; fileRef = DEFACFB91BE0611F00BAAAE2 /* burj.jpg */; };
		DEFACFBF1BE0611F00BAAAE2 /* Eiffel.jpg in Resources */ = {isa = PBXBuildFile; fileRef = DEFACFBA1BE0611F00BAAAE2 /* Eiffel.jpg */; };
		DEFACFC01BE0611F00BAAAE2 /* empire.jpg in Resources */ = {isa = PBXBuildFile; fileRef = DEFACFBB1BE0611F00BAAAE2 /* empire.jpg */; };
		DEFACFC11BE0611F00BAAAE2 /* kingdomtower.jpg in Resources */ = {isa = PBXBuildFile; fileRef = DEFACFBC1BE0611F00BAAAE2 /* kingdomtower.jpg */; };
		DEFACFC21BE0611F00BAAAE2 /* Taipei.jpg in Resources */ = {isa = PBXBuildFile; fileRef = DEFACFBD1BE0611F00BAAAE2 /* Taipei.jpg */; };
/* End PBXBuildFile section */

/* Begin PBXFileReference section */
		DE91F10E1BE00DE2007F892D /* tableviewExample.app */ = {isa = PBXFileReference; explicitFileType = wrapper.application; includeInIndex = 0; path = tableviewExample.app; sourceTree = BUILT_PRODUCTS_DIR; };
		DE91F1121BE00DE2007F892D /* main.m */ = {isa = PBXFileReference; lastKnownFileType = sourcecode.c.objc; path = main.m; sourceTree = "<group>"; };
		DE91F1141BE00DE2007F892D /* AppDelegate.h */ = {isa = PBXFileReference; lastKnownFileType = sourcecode.c.h; path = AppDelegate.h; sourceTree = "<group>"; };
		DE91F1151BE00DE2007F892D /* AppDelegate.m */ = {isa = PBXFileReference; lastKnownFileType = sourcecode.c.objc; path = AppDelegate.m; sourceTree = "<group>"; };
		DE91F11B1BE00DE2007F892D /* Base */ = {isa = PBXFileReference; lastKnownFileType = file.storyboard; name = Base; path = Base.lproj/Main.storyboard; sourceTree = "<group>"; };
		DE91F11D1BE00DE2007F892D /* Assets.xcassets */ = {isa = PBXFileReference; lastKnownFileType = folder.assetcatalog; path = Assets.xcassets; sourceTree = "<group>"; };
		DE91F1201BE00DE2007F892D /* Base */ = {isa = PBXFileReference; lastKnownFileType = file.storyboard; name = Base; path = Base.lproj/LaunchScreen.storyboard; sourceTree = "<group>"; };
		DE91F1221BE00DE2007F892D /* Info.plist */ = {isa = PBXFileReference; lastKnownFileType = text.plist.xml; path = Info.plist; sourceTree = "<group>"; };
		DE91F1381BE01734007F892D /* BasicViewTableViewController.h */ = {isa = PBXFileReference; fileEncoding = 4; lastKnownFileType = sourcecode.c.h; path = BasicViewTableViewController.h; sourceTree = "<group>"; };
		DE91F1391BE01734007F892D /* BasicViewTableViewController.m */ = {isa = PBXFileReference; fileEncoding = 4; lastKnownFileType = sourcecode.c.objc; path = BasicViewTableViewController.m; sourceTree = "<group>"; };
		DE91F13B1BE0174D007F892D /* BasicViewTableViewCell.h */ = {isa = PBXFileReference; fileEncoding = 4; lastKnownFileType = sourcecode.c.h; path = BasicViewTableViewCell.h; sourceTree = "<group>"; };
		DE91F13C1BE0174D007F892D /* BasicViewTableViewCell.m */ = {isa = PBXFileReference; fileEncoding = 4; lastKnownFileType = sourcecode.c.objc; path = BasicViewTableViewCell.m; sourceTree = "<group>"; };
		DE91F1451BE02BAD007F892D /* BasicView1TableViewController.h */ = {isa = PBXFileReference; fileEncoding = 4; lastKnownFileType = sourcecode.c.h; path = BasicView1TableViewController.h; sourceTree = "<group>"; };
		DE91F1461BE02BAD007F892D /* BasicView1TableViewController.m */ = {isa = PBXFileReference; fileEncoding = 4; lastKnownFileType = sourcecode.c.objc; path = BasicView1TableViewController.m; sourceTree = "<group>"; };
		DE91F1481BE02BC4007F892D /* BasicView1TableViewCell.h */ = {isa = PBXFileReference; fileEncoding = 4; lastKnownFileType = sourcecode.c.h; path = BasicView1TableViewCell.h; sourceTree = "<group>"; };
		DE91F1491BE02BC4007F892D /* BasicView1TableViewCell.m */ = {isa = PBXFileReference; fileEncoding = 4; lastKnownFileType = sourcecode.c.objc; path = BasicView1TableViewCell.m; sourceTree = "<group>"; };
		DE91F14B1BE0457A007F892D /* BasicView1DetailViewController.h */ = {isa = PBXFileReference; fileEncoding = 4; lastKnownFileType = sourcecode.c.h; path = BasicView1DetailViewController.h; sourceTree = "<group>"; };
		DE91F14C1BE0457A007F892D /* BasicView1DetailViewController.m */ = {isa = PBXFileReference; fileEncoding = 4; lastKnownFileType = sourcecode.c.objc; path = BasicView1DetailViewController.m; sourceTree = "<group>"; };
		DECB6E0A1E63ABED00316432 /* tableviewExample-Bridging-Header.h */ = {isa = PBXFileReference; lastKnownFileType = sourcecode.c.h; path = "tableviewExample-Bridging-Header.h"; sourceTree = "<group>"; };
		DECB6E0B1E63ABEE00316432 /* CenteredPagingTableViewCell.swift */ = {isa = PBXFileReference; fileEncoding = 4; lastKnownFileType = sourcecode.swift; path = CenteredPagingTableViewCell.swift; sourceTree = "<group>"; };
		DECB6E0D1E63AC5E00316432 /* CenteredPagingTableViewController.swift */ = {isa = PBXFileReference; fileEncoding = 4; lastKnownFileType = sourcecode.swift; path = CenteredPagingTableViewController.swift; sourceTree = "<group>"; };
		DECB6E0F1E63B5DE00316432 /* BottomRefreshCellTableViewController.h */ = {isa = PBXFileReference; fileEncoding = 4; lastKnownFileType = sourcecode.c.h; path = BottomRefreshCellTableViewController.h; sourceTree = "<group>"; };
		DECB6E101E63B5DE00316432 /* BottomRefreshCellTableViewController.m */ = {isa = PBXFileReference; fileEncoding = 4; lastKnownFileType = sourcecode.c.objc; path = BottomRefreshCellTableViewController.m; sourceTree = "<group>"; };
		DECB6E151E63B67600316432 /* LoadingTableViewCell.h */ = {isa = PBXFileReference; fileEncoding = 4; lastKnownFileType = sourcecode.c.h; path = LoadingTableViewCell.h; sourceTree = "<group>"; };
		DECB6E161E63B67600316432 /* LoadingTableViewCell.m */ = {isa = PBXFileReference; fileEncoding = 4; lastKnownFileType = sourcecode.c.objc; path = LoadingTableViewCell.m; sourceTree = "<group>"; };
		DECB6E1D1E63C18C00316432 /* LetterViewController.h */ = {isa = PBXFileReference; fileEncoding = 4; lastKnownFileType = sourcecode.c.h; path = LetterViewController.h; sourceTree = "<group>"; };
		DECB6E1E1E63C18C00316432 /* LetterViewController.m */ = {isa = PBXFileReference; fileEncoding = 4; lastKnownFileType = sourcecode.c.objc; path = LetterViewController.m; sourceTree = "<group>"; };
		DECB6E231E63E2A300316432 /* QuoteBottomTableViewController.swift */ = {isa = PBXFileReference; fileEncoding = 4; lastKnownFileType = sourcecode.swift; path = QuoteBottomTableViewController.swift; sourceTree = "<group>"; };
		DECB6E261E63EBA800316432 /* BottomFooterIndicatorTableViewController.h */ = {isa = PBXFileReference; fileEncoding = 4; lastKnownFileType = sourcecode.c.h; path = BottomFooterIndicatorTableViewController.h; sourceTree = "<group>"; };
		DECB6E271E63EBA800316432 /* BottomFooterIndicatorTableViewController.m */ = {isa = PBXFileReference; fileEncoding = 4; lastKnownFileType = sourcecode.c.objc; path = BottomFooterIndicatorTableViewController.m; sourceTree = "<group>"; };
		DECB6E2A1E63F64400316432 /* TopHeaderIndicatorTableViewController.h */ = {isa = PBXFileReference; fileEncoding = 4; lastKnownFileType = sourcecode.c.h; path = TopHeaderIndicatorTableViewController.h; sourceTree = "<group>"; };
		DECB6E2B1E63F64400316432 /* TopHeaderIndicatorTableViewController.m */ = {isa = PBXFileReference; fileEncoding = 4; lastKnownFileType = sourcecode.c.objc; path = TopHeaderIndicatorTableViewController.m; sourceTree = "<group>"; };
		DECB6E2E1E64F42C00316432 /* TopAndBottomIndicatorTableViewController.swift */ = {isa = PBXFileReference; fileEncoding = 4; lastKnownFileType = sourcecode.swift; path = TopAndBottomIndicatorTableViewController.swift; sourceTree = "<group>"; };
		DEFACFA61BE0584F00BAAAE2 /* BasicView2DetailViewController.h */ = {isa = PBXFileReference; fileEncoding = 4; lastKnownFileType = sourcecode.c.h; path = BasicView2DetailViewController.h; sourceTree = "<group>"; };
		DEFACFA71BE0584F00BAAAE2 /* BasicView2DetailViewController.m */ = {isa = PBXFileReference; fileEncoding = 4; lastKnownFileType = sourcecode.c.objc; path = BasicView2DetailViewController.m; sourceTree = "<group>"; };
		DEFACFA91BE0586600BAAAE2 /* BasicView2TableViewController.h */ = {isa = PBXFileReference; fileEncoding = 4; lastKnownFileType = sourcecode.c.h; path = BasicView2TableViewController.h; sourceTree = "<group>"; };
		DEFACFAA1BE0586600BAAAE2 /* BasicView2TableViewController.m */ = {isa = PBXFileReference; fileEncoding = 4; lastKnownFileType = sourcecode.c.objc; path = BasicView2TableViewController.m; sourceTree = "<group>"; };
		DEFACFAC1BE0587A00BAAAE2 /* BasicView2TableViewCell.h */ = {isa = PBXFileReference; fileEncoding = 4; lastKnownFileType = sourcecode.c.h; path = BasicView2TableViewCell.h; sourceTree = "<group>"; };
		DEFACFAD1BE0587A00BAAAE2 /* BasicView2TableViewCell.m */ = {isa = PBXFileReference; fileEncoding = 4; lastKnownFileType = sourcecode.c.objc; path = BasicView2TableViewCell.m; sourceTree = "<group>"; };
		DEFACFAF1BE05F2B00BAAAE2 /* TableViewHeader.h */ = {isa = PBXFileReference; fileEncoding = 4; lastKnownFileType = sourcecode.c.h; path = TableViewHeader.h; sourceTree = "<group>"; };
		DEFACFB01BE05F2B00BAAAE2 /* TableViewHeader.m */ = {isa = PBXFileReference; fileEncoding = 4; lastKnownFileType = sourcecode.c.objc; path = TableViewHeader.m; sourceTree = "<group>"; };
		DEFACFB31BE0610A00BAAAE2 /* Header.jpg */ = {isa = PBXFileReference; lastKnownFileType = image.jpeg; name = Header.jpg; path = Images/Header.jpg; sourceTree = "<group>"; };
		DEFACFB41BE0610A00BAAAE2 /* Header@2x.jpg */ = {isa = PBXFileReference; lastKnownFileType = image.jpeg; name = "Header@2x.jpg"; path = "Images/Header@2x.jpg"; sourceTree = "<group>"; };
		DEFACFB51BE0610A00BAAAE2 /* Header@3x.jpg */ = {isa = PBXFileReference; lastKnownFileType = image.jpeg; name = "Header@3x.jpg"; path = "Images/Header@3x.jpg"; sourceTree = "<group>"; };
		DEFACFB91BE0611F00BAAAE2 /* burj.jpg */ = {isa = PBXFileReference; lastKnownFileType = image.jpeg; name = burj.jpg; path = Images/burj.jpg; sourceTree = "<group>"; };
		DEFACFBA1BE0611F00BAAAE2 /* Eiffel.jpg */ = {isa = PBXFileReference; lastKnownFileType = image.jpeg; name = Eiffel.jpg; path = Images/Eiffel.jpg; sourceTree = "<group>"; };
		DEFACFBB1BE0611F00BAAAE2 /* empire.jpg */ = {isa = PBXFileReference; lastKnownFileType = image.jpeg; name = empire.jpg; path = Images/empire.jpg; sourceTree = "<group>"; };
		DEFACFBC1BE0611F00BAAAE2 /* kingdomtower.jpg */ = {isa = PBXFileReference; lastKnownFileType = image.jpeg; name = kingdomtower.jpg; path = Images/kingdomtower.jpg; sourceTree = "<group>"; };
		DEFACFBD1BE0611F00BAAAE2 /* Taipei.jpg */ = {isa = PBXFileReference; lastKnownFileType = image.jpeg; name = Taipei.jpg; path = Images/Taipei.jpg; sourceTree = "<group>"; };
/* End PBXFileReference section */

/* Begin PBXFrameworksBuildPhase section */
		DE91F10B1BE00DE2007F892D /* Frameworks */ = {
			isa = PBXFrameworksBuildPhase;
			buildActionMask = 2147483647;
			files = (
			);
			runOnlyForDeploymentPostprocessing = 0;
		};
/* End PBXFrameworksBuildPhase section */

/* Begin PBXGroup section */
		DE91F1051BE00DE2007F892D = {
			isa = PBXGroup;
			children = (
				DE91F1101BE00DE2007F892D /* tableviewExample */,
				DE91F10F1BE00DE2007F892D /* Products */,
			);
			sourceTree = "<group>";
		};
		DE91F10F1BE00DE2007F892D /* Products */ = {
			isa = PBXGroup;
			children = (
				DE91F10E1BE00DE2007F892D /* tableviewExample.app */,
			);
			name = Products;
			sourceTree = "<group>";
		};
		DE91F1101BE00DE2007F892D /* tableviewExample */ = {
			isa = PBXGroup;
			children = (
				DE91F1331BE01522007F892D /* Application */,
				DE91F1341BE0152C007F892D /* Controller */,
				DE91F1351BE0153A007F892D /* View */,
				DE91F1281BE01500007F892D /* images */,
				DE91F11D1BE00DE2007F892D /* Assets.xcassets */,
				DE91F1221BE00DE2007F892D /* Info.plist */,
				DE91F1111BE00DE2007F892D /* Supporting Files */,
			);
			path = tableviewExample;
			sourceTree = "<group>";
		};
		DE91F1111BE00DE2007F892D /* Supporting Files */ = {
			isa = PBXGroup;
			children = (
				DECB6E0A1E63ABED00316432 /* tableviewExample-Bridging-Header.h */,
				DE91F1121BE00DE2007F892D /* main.m */,
			);
			name = "Supporting Files";
			sourceTree = "<group>";
		};
		DE91F1281BE01500007F892D /* images */ = {
			isa = PBXGroup;
			children = (
				DEFACFB91BE0611F00BAAAE2 /* burj.jpg */,
				DEFACFBA1BE0611F00BAAAE2 /* Eiffel.jpg */,
				DEFACFBB1BE0611F00BAAAE2 /* empire.jpg */,
				DEFACFBC1BE0611F00BAAAE2 /* kingdomtower.jpg */,
				DEFACFBD1BE0611F00BAAAE2 /* Taipei.jpg */,
				DEFACFB31BE0610A00BAAAE2 /* Header.jpg */,
				DEFACFB41BE0610A00BAAAE2 /* Header@2x.jpg */,
				DEFACFB51BE0610A00BAAAE2 /* Header@3x.jpg */,
			);
			name = images;
			sourceTree = "<group>";
		};
		DE91F1331BE01522007F892D /* Application */ = {
			isa = PBXGroup;
			children = (
				DE91F1141BE00DE2007F892D /* AppDelegate.h */,
				DE91F1151BE00DE2007F892D /* AppDelegate.m */,
			);
			name = Application;
			sourceTree = "<group>";
		};
		DE91F1341BE0152C007F892D /* Controller */ = {
			isa = PBXGroup;
			children = (
				DECB6E251E63EB6F00316432 /* NOT USING OR WORKING */,
				DECB6E2D1E64F37F00316432 /* 9 Header and Footer Indicator (Pull to Refresh) */,
				DECB6E1C1E63C12F00316432 /* 8 Top Pull to Refresh */,
				DECB6E291E63F35600316432 /* 7 Header Indicator (Top pull to refresh) */,
				DECB6E091E63AA2300316432 /* 6 Footer Indicator (Bottom Pull to refresh) */,
				DECB6E081E63AA1900316432 /* 5 Bottom Refreshing with Cell */,
				DECB6E071E63AA0600316432 /* 4 Centered Paging */,
				DEFACFA21BE0580E00BAAAE2 /* 3 View with TableView Header */,
				DE91F1441BE02B51007F892D /* 2 View with subview */,
				DE91F1371BE01715007F892D /* 1 Basic View */,
			);
			name = Controller;
			sourceTree = "<group>";
		};
		DE91F1351BE0153A007F892D /* View */ = {
			isa = PBXGroup;
			children = (
				DE91F11A1BE00DE2007F892D /* Main.storyboard */,
				DE91F11F1BE00DE2007F892D /* LaunchScreen.storyboard */,
			);
			name = View;
			sourceTree = "<group>";
		};
		DE91F1371BE01715007F892D /* 1 Basic View */ = {
			isa = PBXGroup;
			children = (
				DE91F1381BE01734007F892D /* BasicViewTableViewController.h */,
				DE91F1391BE01734007F892D /* BasicViewTableViewController.m */,
				DE91F13B1BE0174D007F892D /* BasicViewTableViewCell.h */,
				DE91F13C1BE0174D007F892D /* BasicViewTableViewCell.m */,
			);
			name = "1 Basic View";
			sourceTree = "<group>";
		};
		DE91F1441BE02B51007F892D /* 2 View with subview */ = {
			isa = PBXGroup;
			children = (
				DE91F1451BE02BAD007F892D /* BasicView1TableViewController.h */,
				DE91F1461BE02BAD007F892D /* BasicView1TableViewController.m */,
				DE91F1481BE02BC4007F892D /* BasicView1TableViewCell.h */,
				DE91F1491BE02BC4007F892D /* BasicView1TableViewCell.m */,
				DE91F14B1BE0457A007F892D /* BasicView1DetailViewController.h */,
				DE91F14C1BE0457A007F892D /* BasicView1DetailViewController.m */,
			);
			name = "2 View with subview";
			sourceTree = "<group>";
		};
		DECB6E071E63AA0600316432 /* 4 Centered Paging */ = {
			isa = PBXGroup;
			children = (
				DECB6E0D1E63AC5E00316432 /* CenteredPagingTableViewController.swift */,
				DECB6E0B1E63ABEE00316432 /* CenteredPagingTableViewCell.swift */,
			);
			name = "4 Centered Paging";
			sourceTree = "<group>";
		};
		DECB6E081E63AA1900316432 /* 5 Bottom Refreshing with Cell */ = {
			isa = PBXGroup;
			children = (
				DECB6E0F1E63B5DE00316432 /* BottomRefreshCellTableViewController.h */,
				DECB6E101E63B5DE00316432 /* BottomRefreshCellTableViewController.m */,
				DECB6E151E63B67600316432 /* LoadingTableViewCell.h */,
				DECB6E161E63B67600316432 /* LoadingTableViewCell.m */,
			);
			name = "5 Bottom Refreshing with Cell";
			sourceTree = "<group>";
		};
		DECB6E091E63AA2300316432 /* 6 Footer Indicator (Bottom Pull to refresh) */ = {
			isa = PBXGroup;
			children = (
				DECB6E261E63EBA800316432 /* BottomFooterIndicatorTableViewController.h */,
				DECB6E271E63EBA800316432 /* BottomFooterIndicatorTableViewController.m */,
			);
			name = "6 Footer Indicator (Bottom Pull to refresh)";
			sourceTree = "<group>";
		};
		DECB6E1C1E63C12F00316432 /* 8 Top Pull to Refresh */ = {
			isa = PBXGroup;
			children = (
				DECB6E1D1E63C18C00316432 /* LetterViewController.h */,
				DECB6E1E1E63C18C00316432 /* LetterViewController.m */,
			);
			name = "8 Top Pull to Refresh";
			sourceTree = "<group>";
		};
		DECB6E251E63EB6F00316432 /* NOT USING OR WORKING */ = {
			isa = PBXGroup;
			children = (
				DECB6E231E63E2A300316432 /* QuoteBottomTableViewController.swift */,
			);
			name = "NOT USING OR WORKING";
			sourceTree = "<group>";
		};
		DECB6E291E63F35600316432 /* 7 Header Indicator (Top pull to refresh) */ = {
			isa = PBXGroup;
			children = (
				DECB6E2A1E63F64400316432 /* TopHeaderIndicatorTableViewController.h */,
				DECB6E2B1E63F64400316432 /* TopHeaderIndicatorTableViewController.m */,
			);
			name = "7 Header Indicator (Top pull to refresh)";
			sourceTree = "<group>";
		};
		DECB6E2D1E64F37F00316432 /* 9 Header and Footer Indicator (Pull to Refresh) */ = {
			isa = PBXGroup;
			children = (
				DECB6E2E1E64F42C00316432 /* TopAndBottomIndicatorTableViewController.swift */,
			);
			name = "9 Header and Footer Indicator (Pull to Refresh)";
			sourceTree = "<group>";
		};
		DEFACFA21BE0580E00BAAAE2 /* 3 View with TableView Header */ = {
			isa = PBXGroup;
			children = (
				DEFACFA91BE0586600BAAAE2 /* BasicView2TableViewController.h */,
				DEFACFAA1BE0586600BAAAE2 /* BasicView2TableViewController.m */,
				DEFACFAC1BE0587A00BAAAE2 /* BasicView2TableViewCell.h */,
				DEFACFAD1BE0587A00BAAAE2 /* BasicView2TableViewCell.m */,
				DEFACFA61BE0584F00BAAAE2 /* BasicView2DetailViewController.h */,
				DEFACFA71BE0584F00BAAAE2 /* BasicView2DetailViewController.m */,
				DEFACFB21BE05F3100BAAAE2 /* tableview header */,
			);
			name = "3 View with TableView Header";
			sourceTree = "<group>";
		};
		DEFACFB21BE05F3100BAAAE2 /* tableview header */ = {
			isa = PBXGroup;
			children = (
				DEFACFAF1BE05F2B00BAAAE2 /* TableViewHeader.h */,
				DEFACFB01BE05F2B00BAAAE2 /* TableViewHeader.m */,
			);
			name = "tableview header";
			sourceTree = "<group>";
		};
/* End PBXGroup section */

/* Begin PBXNativeTarget section */
		DE91F10D1BE00DE2007F892D /* tableviewExample */ = {
			isa = PBXNativeTarget;
			buildConfigurationList = DE91F1251BE00DE2007F892D /* Build configuration list for PBXNativeTarget "tableviewExample" */;
			buildPhases = (
				DE91F10A1BE00DE2007F892D /* Sources */,
				DE91F10B1BE00DE2007F892D /* Frameworks */,
				DE91F10C1BE00DE2007F892D /* Resources */,
			);
			buildRules = (
			);
			dependencies = (
			);
			name = tableviewExample;
			productName = tableviewExample;
			productReference = DE91F10E1BE00DE2007F892D /* tableviewExample.app */;
			productType = "com.apple.product-type.application";
		};
/* End PBXNativeTarget section */

/* Begin PBXProject section */
		DE91F1061BE00DE2007F892D /* Project object */ = {
			isa = PBXProject;
			attributes = {
				LastUpgradeCheck = 0820;
				ORGANIZATIONNAME = DevBros;
				TargetAttributes = {
					DE91F10D1BE00DE2007F892D = {
						CreatedOnToolsVersion = 7.1;
						DevelopmentTeam = QLZS39CLDT;
						LastSwiftMigration = 0820;
					};
				};
			};
			buildConfigurationList = DE91F1091BE00DE2007F892D /* Build configuration list for PBXProject "tableviewExample" */;
			compatibilityVersion = "Xcode 3.2";
			developmentRegion = English;
			hasScannedForEncodings = 0;
			knownRegions = (
				en,
				Base,
			);
			mainGroup = DE91F1051BE00DE2007F892D;
			productRefGroup = DE91F10F1BE00DE2007F892D /* Products */;
			projectDirPath = "";
			projectRoot = "";
			targets = (
				DE91F10D1BE00DE2007F892D /* tableviewExample */,
			);
		};
/* End PBXProject section */

/* Begin PBXResourcesBuildPhase section */
		DE91F10C1BE00DE2007F892D /* Resources */ = {
			isa = PBXResourcesBuildPhase;
			buildActionMask = 2147483647;
			files = (
				DE91F1211BE00DE2007F892D /* LaunchScreen.storyboard in Resources */,
				DEFACFC11BE0611F00BAAAE2 /* kingdomtower.jpg in Resources */,
				DEFACFC01BE0611F00BAAAE2 /* empire.jpg in Resources */,
				DEFACFB81BE0610A00BAAAE2 /* Header@3x.jpg in Resources */,
				DEFACFB71BE0610A00BAAAE2 /* Header@2x.jpg in Resources */,
				DEFACFB61BE0610A00BAAAE2 /* Header.jpg in Resources */,
				DEFACFC21BE0611F00BAAAE2 /* Taipei.jpg in Resources */,
				DEFACFBF1BE0611F00BAAAE2 /* Eiffel.jpg in Resources */,
				DEFACFBE1BE0611F00BAAAE2 /* burj.jpg in Resources */,
				DE91F11E1BE00DE2007F892D /* Assets.xcassets in Resources */,
				DE91F11C1BE00DE2007F892D /* Main.storyboard in Resources */,
			);
			runOnlyForDeploymentPostprocessing = 0;
		};
/* End PBXResourcesBuildPhase section */

/* Begin PBXSourcesBuildPhase section */
		DE91F10A1BE00DE2007F892D /* Sources */ = {
			isa = PBXSourcesBuildPhase;
			buildActionMask = 2147483647;
			files = (
				DEFACFB11BE05F2B00BAAAE2 /* TableViewHeader.m in Sources */,
				DECB6E0E1E63AC5E00316432 /* CenteredPagingTableViewController.swift in Sources */,
				DECB6E281E63EBA800316432 /* BottomFooterIndicatorTableViewController.m in Sources */,
				DECB6E1F1E63C18C00316432 /* LetterViewController.m in Sources */,
				DE91F13A1BE01734007F892D /* BasicViewTableViewController.m in Sources */,
				DEFACFAE1BE0587A00BAAAE2 /* BasicView2TableViewCell.m in Sources */,
				DEFACFAB1BE0586600BAAAE2 /* BasicView2TableViewController.m in Sources */,
				DE91F1471BE02BAD007F892D /* BasicView1TableViewController.m in Sources */,
				DECB6E0C1E63ABEE00316432 /* CenteredPagingTableViewCell.swift in Sources */,
				DE91F1161BE00DE2007F892D /* AppDelegate.m in Sources */,
				DE91F14A1BE02BC4007F892D /* BasicView1TableViewCell.m in Sources */,
				DE91F1131BE00DE2007F892D /* main.m in Sources */,
				DECB6E2F1E64F42C00316432 /* TopAndBottomIndicatorTableViewController.swift in Sources */,
				DECB6E2C1E63F64400316432 /* TopHeaderIndicatorTableViewController.m in Sources */,
				DECB6E111E63B5DE00316432 /* BottomRefreshCellTableViewController.m in Sources */,
				DE91F14D1BE0457A007F892D /* BasicView1DetailViewController.m in Sources */,
				DECB6E171E63B67600316432 /* LoadingTableViewCell.m in Sources */,
				DECB6E241E63E2A300316432 /* QuoteBottomTableViewController.swift in Sources */,
				DEFACFA81BE0584F00BAAAE2 /* BasicView2DetailViewController.m in Sources */,
				DE91F13D1BE0174D007F892D /* BasicViewTableViewCell.m in Sources */,
			);
			runOnlyForDeploymentPostprocessing = 0;
		};
/* End PBXSourcesBuildPhase section */

/* Begin PBXVariantGroup section */
		DE91F11A1BE00DE2007F892D /* Main.storyboard */ = {
			isa = PBXVariantGroup;
			children = (
				DE91F11B1BE00DE2007F892D /* Base */,
			);
			name = Main.storyboard;
			sourceTree = "<group>";
		};
		DE91F11F1BE00DE2007F892D /* LaunchScreen.storyboard */ = {
			isa = PBXVariantGroup;
			children = (
				DE91F1201BE00DE2007F892D /* Base */,
			);
			name = LaunchScreen.storyboard;
			sourceTree = "<group>";
		};
/* End PBXVariantGroup section */

/* Begin XCBuildConfiguration section */
		DE91F1231BE00DE2007F892D /* Debug */ = {
			isa = XCBuildConfiguration;
			buildSettings = {
				ALWAYS_SEARCH_USER_PATHS = NO;
				CLANG_CXX_LANGUAGE_STANDARD = "gnu++0x";
				CLANG_CXX_LIBRARY = "libc++";
				CLANG_ENABLE_MODULES = YES;
				CLANG_ENABLE_OBJC_ARC = YES;
				CLANG_WARN_BOOL_CONVERSION = YES;
				CLANG_WARN_CONSTANT_CONVERSION = YES;
				CLANG_WARN_DIRECT_OBJC_ISA_USAGE = YES_ERROR;
				CLANG_WARN_EMPTY_BODY = YES;
				CLANG_WARN_ENUM_CONVERSION = YES;
				CLANG_WARN_INFINITE_RECURSION = YES;
				CLANG_WARN_INT_CONVERSION = YES;
				CLANG_WARN_OBJC_ROOT_CLASS = YES_ERROR;
				CLANG_WARN_SUSPICIOUS_MOVE = YES;
				CLANG_WARN_UNREACHABLE_CODE = YES;
				CLANG_WARN__DUPLICATE_METHOD_MATCH = YES;
				"CODE_SIGN_IDENTITY[sdk=iphoneos*]" = "iPhone Developer";
				COPY_PHASE_STRIP = NO;
				DEBUG_INFORMATION_FORMAT = dwarf;
				ENABLE_STRICT_OBJC_MSGSEND = YES;
				ENABLE_TESTABILITY = YES;
				GCC_C_LANGUAGE_STANDARD = gnu99;
				GCC_DYNAMIC_NO_PIC = NO;
				GCC_NO_COMMON_BLOCKS = YES;
				GCC_OPTIMIZATION_LEVEL = 0;
				GCC_PREPROCESSOR_DEFINITIONS = (
					"DEBUG=1",
					"$(inherited)",
				);
				GCC_WARN_64_TO_32_BIT_CONVERSION = YES;
				GCC_WARN_ABOUT_RETURN_TYPE = YES_ERROR;
				GCC_WARN_UNDECLARED_SELECTOR = YES;
				GCC_WARN_UNINITIALIZED_AUTOS = YES_AGGRESSIVE;
				GCC_WARN_UNUSED_FUNCTION = YES;
				GCC_WARN_UNUSED_VARIABLE = YES;
				IPHONEOS_DEPLOYMENT_TARGET = 9.1;
				MTL_ENABLE_DEBUG_INFO = YES;
				ONLY_ACTIVE_ARCH = YES;
				SDKROOT = iphoneos;
			};
			name = Debug;
		};
		DE91F1241BE00DE2007F892D /* Release */ = {
			isa = XCBuildConfiguration;
			buildSettings = {
				ALWAYS_SEARCH_USER_PATHS = NO;
				CLANG_CXX_LANGUAGE_STANDARD = "gnu++0x";
				CLANG_CXX_LIBRARY = "libc++";
				CLANG_ENABLE_MODULES = YES;
				CLANG_ENABLE_OBJC_ARC = YES;
				CLANG_WARN_BOOL_CONVERSION = YES;
				CLANG_WARN_CONSTANT_CONVERSION = YES;
				CLANG_WARN_DIRECT_OBJC_ISA_USAGE = YES_ERROR;
				CLANG_WARN_EMPTY_BODY = YES;
				CLANG_WARN_ENUM_CONVERSION = YES;
				CLANG_WARN_INFINITE_RECURSION = YES;
				CLANG_WARN_INT_CONVERSION = YES;
				CLANG_WARN_OBJC_ROOT_CLASS = YES_ERROR;
				CLANG_WARN_SUSPICIOUS_MOVE = YES;
				CLANG_WARN_UNREACHABLE_CODE = YES;
				CLANG_WARN__DUPLICATE_METHOD_MATCH = YES;
				"CODE_SIGN_IDENTITY[sdk=iphoneos*]" = "iPhone Developer";
				COPY_PHASE_STRIP = NO;
				DEBUG_INFORMATION_FORMAT = "dwarf-with-dsym";
				ENABLE_NS_ASSERTIONS = NO;
				ENABLE_STRICT_OBJC_MSGSEND = YES;
				GCC_C_LANGUAGE_STANDARD = gnu99;
				GCC_NO_COMMON_BLOCKS = YES;
				GCC_WARN_64_TO_32_BIT_CONVERSION = YES;
				GCC_WARN_ABOUT_RETURN_TYPE = YES_ERROR;
				GCC_WARN_UNDECLARED_SELECTOR = YES;
				GCC_WARN_UNINITIALIZED_AUTOS = YES_AGGRESSIVE;
				GCC_WARN_UNUSED_FUNCTION = YES;
				GCC_WARN_UNUSED_VARIABLE = YES;
				IPHONEOS_DEPLOYMENT_TARGET = 9.1;
				MTL_ENABLE_DEBUG_INFO = NO;
				SDKROOT = iphoneos;
				VALIDATE_PRODUCT = YES;
			};
			name = Release;
		};
		DE91F1261BE00DE2007F892D /* Debug */ = {
			isa = XCBuildConfiguration;
			buildSettings = {
				ASSETCATALOG_COMPILER_APPICON_NAME = AppIcon;
				CLANG_ENABLE_MODULES = YES;
				DEVELOPMENT_TEAM = QLZS39CLDT;
				INFOPLIST_FILE = tableviewExample/Info.plist;
				LD_RUNPATH_SEARCH_PATHS = "$(inherited) @executable_path/Frameworks";
				PRODUCT_BUNDLE_IDENTIFIER = DevBros.tableviewExample;
				PRODUCT_NAME = "$(TARGET_NAME)";
				SWIFT_OBJC_BRIDGING_HEADER = "tableviewExample/tableviewExample-Bridging-Header.h";
				SWIFT_OPTIMIZATION_LEVEL = "-Onone";
				SWIFT_VERSION = 3.0;
			};
			name = Debug;
		};
		DE91F1271BE00DE2007F892D /* Release */ = {
			isa = XCBuildConfiguration;
			buildSettings = {
				ASSETCATALOG_COMPILER_APPICON_NAME = AppIcon;
				CLANG_ENABLE_MODULES = YES;
				DEVELOPMENT_TEAM = QLZS39CLDT;
				INFOPLIST_FILE = tableviewExample/Info.plist;
				LD_RUNPATH_SEARCH_PATHS = "$(inherited) @executable_path/Frameworks";
				PRODUCT_BUNDLE_IDENTIFIER = DevBros.tableviewExample;
				PRODUCT_NAME = "$(TARGET_NAME)";
				SWIFT_OBJC_BRIDGING_HEADER = "tableviewExample/tableviewExample-Bridging-Header.h";
				SWIFT_VERSION = 3.0;
			};
			name = Release;
		};
/* End XCBuildConfiguration section */

/* Begin XCConfigurationList section */
		DE91F1091BE00DE2007F892D /* Build configuration list for PBXProject "tableviewExample" */ = {
			isa = XCConfigurationList;
			buildConfigurations = (
				DE91F1231BE00DE2007F892D /* Debug */,
				DE91F1241BE00DE2007F892D /* Release */,
			);
			defaultConfigurationIsVisible = 0;
			defaultConfigurationName = Release;
		};
		DE91F1251BE00DE2007F892D /* Build configuration list for PBXNativeTarget "tableviewExample" */ = {
			isa = XCConfigurationList;
			buildConfigurations = (
				DE91F1261BE00DE2007F892D /* Debug */,
				DE91F1271BE00DE2007F892D /* Release */,
			);
			defaultConfigurationIsVisible = 0;
			defaultConfigurationName = Release;
		};
/* End XCConfigurationList section */
	};
	rootObject = DE91F1061BE00DE2007F892D /* Project object */;
}
